
Microsoft Visual Studio Solution File, Format Version 12.00
# Visual Studio Version 17
VisualStudioVersion = 17.10.35027.167
MinimumVisualStudioVersion = 10.0.40219.1
Project("{2150E333-8FDC-42A3-9474-1A3956D46DE8}") = "Framework", "Framework", "{F865B8FC-9BE7-4251-B8D7-519F85EF20B2}"
EndProject
Project("{9A19103F-16F7-4668-BE54-9A1E7A4F7556}") = "Bonyan", "Framework\Src\Bonyan\Bonyan.csproj", "{FBCEBF87-F083-442E-B60E-2B7FFBECF54B}"
EndProject
Project("{9A19103F-16F7-4668-BE54-9A1E7A4F7556}") = "Bonyan.Layer.Domain", "Framework\Src\Bonyan.Layer.Domain\Bonyan.Layer.Domain.csproj", "{5BD35C5F-F6C4-4AB7-AF24-893821832A06}"
EndProject
Project("{9A19103F-16F7-4668-BE54-9A1E7A4F7556}") = "Bonyan.Layer.Application", "Framework\Src\Bonyan.Layer.Application\Bonyan.Layer.Application.csproj", "{7D189F02-6CF1-4E44-975A-11E882669C13}"
EndProject
Project("{FAE04EC0-301F-11D3-BF4B-00C04F79EFBC}") = "Bonyan.Tests", "Framework\Tests\Bonyan.Tests\Bonyan.Tests.csproj", "{AFA9CF2F-B53E-47B6-B4A5-92B05CC16013}"
EndProject
Project("{FAE04EC0-301F-11D3-BF4B-00C04F79EFBC}") = "Bonyan.AspNetCore", "Framework\Src\Bonyan.AspNetCore\Bonyan.AspNetCore.csproj", "{62791559-5D8D-4EE2-8AFE-10F32263A700}"
EndProject
Project("{FAE04EC0-301F-11D3-BF4B-00C04F79EFBC}") = "Bonyan.EntityFrameworkCore", "Framework\Src\Bonyan.EntityFrameworkCore\Bonyan.EntityFrameworkCore.csproj", "{11C2071F-B6FD-4E7C-8CCD-5D5A2F56399D}"
EndProject
Project("{FAE04EC0-301F-11D3-BF4B-00C04F79EFBC}") = "Bonyan.EntityFrameworkCore.SqlServer", "Framework\Src\Bonyan.EntityFrameworkCore.SqlServer\Bonyan.EntityFrameworkCore.SqlServer.csproj", "{6780A88C-D61F-4C20-8899-C294298196E6}"
EndProject
Project("{FAE04EC0-301F-11D3-BF4B-00C04F79EFBC}") = "Bonyan.EntityFrameworkCore.Sqlite", "Framework\Src\Bonyan.EntityFrameworkCore.Sqlite\Bonyan.EntityFrameworkCore.Sqlite.csproj", "{22DAE8E6-9934-4E49-A83B-98E51CC8F46F}"
EndProject
Project("{FAE04EC0-301F-11D3-BF4B-00C04F79EFBC}") = "Bonyan.Worker.Abstraction", "Framework\Src\Bonyan.Worker.Abstraction\Bonyan.Worker.Abstraction.csproj", "{97A2F0B3-7918-4D01-8EE9-AD35E7DDD456}"
EndProject
Project("{FAE04EC0-301F-11D3-BF4B-00C04F79EFBC}") = "Bonyan.Workers.Hangfire", "Framework\Src\Bonyan.Workers.Hangfire\Bonyan.Workers.Hangfire.csproj", "{BB354D15-2597-4965-B28A-BAA028C39828}"
EndProject
Project("{FAE04EC0-301F-11D3-BF4B-00C04F79EFBC}") = "Bonyan.AutoMapper", "Framework\Src\Bonyan.AutoMapper\Bonyan.AutoMapper.csproj", "{AA396903-B749-4397-AABA-888A2C28D0C0}"
EndProject
Project("{FAE04EC0-301F-11D3-BF4B-00C04F79EFBC}") = "Bonyan.MultiTenant", "Framework\Src\Bonyan.MultiTenant\Bonyan.MultiTenant.csproj", "{6ACF6C01-013E-4D23-B6C8-98A9F88BEF69}"
EndProject
Project("{FAE04EC0-301F-11D3-BF4B-00C04F79EFBC}") = "Bonyan.AspNetCore.MultiTenant", "Framework\Src\Bonyan.AspNetCore.MultiTenant\Bonyan.AspNetCore.MultiTenant.csproj", "{ACDB5A75-5DFD-420E-B5DC-65727D0250C7}"
EndProject
Project("{FAE04EC0-301F-11D3-BF4B-00C04F79EFBC}") = "Bonyan.Security", "Framework\Src\Bonyan.Security\Bonyan.Security.csproj", "{861A72CB-FA97-46DC-BCA7-2F78B7E1B013}"
EndProject
Project("{FAE04EC0-301F-11D3-BF4B-00C04F79EFBC}") = "Bonyan.UnitOfWork", "Framework\Src\Bonyan.UnitOfWork\Bonyan.UnitOfWork.csproj", "{BB80CF95-26CA-4F2C-9C16-CE4E799A32F6}"
EndProject
Project("{FAE04EC0-301F-11D3-BF4B-00C04F79EFBC}") = "Bonyan.Validation", "Framework\Src\Bonyan.Validation\Bonyan.Validation.csproj", "{E71B11EA-8D38-40BB-A44C-E2CEA795B7E8}"
EndProject
Project("{FAE04EC0-301F-11D3-BF4B-00C04F79EFBC}") = "Bonyan.AspNetCore.Components", "Framework\Src\Bonyan.AspNetCore.Components\Bonyan.AspNetCore.Components.csproj", "{4A61C75C-5BA3-42B5-BEF1-2CBEE47A10C2}"
EndProject
Project("{FAE04EC0-301F-11D3-BF4B-00C04F79EFBC}") = "Bonyan.Layer.Application.Contracts", "Framework\Src\Bonyan.Layer.Application.Contracts\Bonyan.Layer.Application.Contracts.csproj", "{32A88CA9-0C39-4986-AC22-E3B569317A30}"
EndProject
Project("{FAE04EC0-301F-11D3-BF4B-00C04F79EFBC}") = "Bonyan.Layer.Domain.Abstractions", "Framework\Src\Bonyan.Layer.Domain.Abstractions\Bonyan.Layer.Domain.Abstractions.csproj", "{2EBB1D52-CC2D-4DE3-B9C6-6AA71FF2B93C}"
EndProject
Project("{FAE04EC0-301F-11D3-BF4B-00C04F79EFBC}") = "Bonyan.Messaging", "Framework\Src\Bonyan.Messaging\Bonyan.Messaging.csproj", "{1F876AD8-A6A0-4802-962A-7D0153231872}"
EndProject
Project("{FAE04EC0-301F-11D3-BF4B-00C04F79EFBC}") = "Bonyan.Messaging.RabbitMQ", "Framework\Src\Bonyan.Messaging.RabbitMQ\Bonyan.Messaging.RabbitMQ.csproj", "{4D9DF658-791D-4DB8-AA66-16D3018E2C08}"
EndProject
Project("{FAE04EC0-301F-11D3-BF4B-00C04F79EFBC}") = "Bonyan.Workers", "Framework\Src\Bonyan.Workers\Bonyan.Workers.csproj", "{D1D08A7C-5D0F-4F26-837D-DE78AD5333CA}"
EndProject
Project("{FAE04EC0-301F-11D3-BF4B-00C04F79EFBC}") = "Bonyan.Workers.Tests", "Framework\Tests\Bonyan.Workers.Tests\Bonyan.Workers.Tests.csproj", "{D207ACCE-531D-4EDC-AB0E-2604D35C8FA3}"
EndProject
Project("{2150E333-8FDC-42A3-9474-1A3956D46DE8}") = "Src", "Src", "{31BFDED6-5439-4D9A-ABBA-882C07DE7024}"
EndProject
Project("{2150E333-8FDC-42A3-9474-1A3956D46DE8}") = "Tests", "Tests", "{451B13E9-4996-4493-82C0-BCE2AA275E43}"
EndProject
Project("{2150E333-8FDC-42A3-9474-1A3956D46DE8}") = "Modules", "Modules", "{8F4DD793-A915-480F-B1C5-F24562389C24}"
EndProject
Project("{2150E333-8FDC-42A3-9474-1A3956D46DE8}") = "Src", "Src", "{D3289479-B493-46C2-92D3-C496016F28B2}"
EndProject
Project("{2150E333-8FDC-42A3-9474-1A3956D46DE8}") = "Bonyan.UserManagement", "Bonyan.UserManagement", "{B64363C6-D3A6-43FF-85C0-9D6BBFD3AE25}"
EndProject
Project("{FAE04EC0-301F-11D3-BF4B-00C04F79EFBC}") = "Bonyan.Module.UserManagement.Application", "Modules\Bonyan.UserManagement\Src\Bonyan.Module.UserManagement.Application\Bonyan.Module.UserManagement.Application.csproj", "{B1470FE0-2268-40F8-ACE7-68CF9FE84AC1}"
EndProject
Project("{FAE04EC0-301F-11D3-BF4B-00C04F79EFBC}") = "Bonyan.Module.UserManagement.Domain", "Modules\Bonyan.UserManagement\Src\Bonyan.Module.UserManagement.Domain\Bonyan.Module.UserManagement.Domain.csproj", "{48B16554-F38D-4B43-8BE3-552A1B93A945}"
EndProject
Project("{FAE04EC0-301F-11D3-BF4B-00C04F79EFBC}") = "Bonyan.Module.UserManagement.EntityFrameworkCore", "Modules\Bonyan.UserManagement\Src\Bonyan.Module.UserManagement.EntityFrameworkCore\Bonyan.Module.UserManagement.EntityFrameworkCore.csproj", "{D1B0B867-74E2-4F5D-8DCC-64B77564706C}"
EndProject
Project("{2150E333-8FDC-42A3-9474-1A3956D46DE8}") = "Bonyan.IdentityManagement", "Bonyan.IdentityManagement", "{38F11F8E-B4B2-464C-94D6-9E5EF792D619}"
EndProject
Project("{2150E333-8FDC-42A3-9474-1A3956D46DE8}") = "Bonyan.TenantManagement", "Bonyan.TenantManagement", "{765CC964-AD37-4BBC-9676-7C5A0DB3E742}"
EndProject
Project("{2150E333-8FDC-42A3-9474-1A3956D46DE8}") = "Src", "Src", "{9BBAFE09-5016-4AF1-BA49-6EF46BDCF77A}"
EndProject
Project("{2150E333-8FDC-42A3-9474-1A3956D46DE8}") = "Src", "Src", "{238A4AD4-E78A-46B9-822E-78B71A2D9150}"
EndProject
Project("{FAE04EC0-301F-11D3-BF4B-00C04F79EFBC}") = "Bonyan.Module.IdentityManagement.Domain", "Modules\Bonyan.IdentityManagement\Src\Bonyan.Module.IdentityManagement.Domain\Bonyan.Module.IdentityManagement.Domain.csproj", "{61A5A8E0-9E42-412D-96D4-9C4353BA03B5}"
EndProject
Project("{FAE04EC0-301F-11D3-BF4B-00C04F79EFBC}") = "Bonyan.Module.IdentityManagement.Application", "Modules\Bonyan.IdentityManagement\Src\Bonyan.Module.IdentityManagement.Application\Bonyan.Module.IdentityManagement.Application.csproj", "{DFC29578-4213-4AC3-BDE5-E590A8DAFDE7}"
EndProject
Project("{FAE04EC0-301F-11D3-BF4B-00C04F79EFBC}") = "Bonyan.Module.IdentityManagement.EntityFrameworkCore", "Modules\Bonyan.IdentityManagement\Src\Bonyan.Module.IdentityManagement.EntityFrameworkCore\Bonyan.Module.IdentityManagement.EntityFrameworkCore.csproj", "{4774F77A-3AD2-4FB2-B144-B20292710892}"
EndProject
Project("{FAE04EC0-301F-11D3-BF4B-00C04F79EFBC}") = "Bonyan.Module.TenantManagement.Application", "Modules\Bonyan.TenantManagement\Src\Bonyan.Module.TenantManagement.Application\Bonyan.Module.TenantManagement.Application.csproj", "{8D2D5378-DF29-47FB-B30B-D79A5A9CA826}"
EndProject
Project("{FAE04EC0-301F-11D3-BF4B-00C04F79EFBC}") = "Bonyan.Module.TenantManagement.Domain", "Modules\Bonyan.TenantManagement\Src\Bonyan.Module.TenantManagement.Domain\Bonyan.Module.TenantManagement.Domain.csproj", "{2C36BC1D-53E5-4C6D-A651-E0B3BDEC62A6}"
EndProject
Project("{FAE04EC0-301F-11D3-BF4B-00C04F79EFBC}") = "Bonyan.Module.TenantManagement.EntityFrameworkCore", "Modules\Bonyan.TenantManagement\Src\Bonyan.Module.TenantManagement.EntityFrameworkCore\Bonyan.Module.TenantManagement.EntityFrameworkCore.csproj", "{3BAD587F-6541-4DFD-8AAD-20120F75CF92}"
EndProject
Project("{2150E333-8FDC-42A3-9474-1A3956D46DE8}") = "Templates", "Templates", "{62C5B786-B72F-4815-AF3E-B1E15E1FCCEC}"
EndProject
Project("{FAE04EC0-301F-11D3-BF4B-00C04F79EFBC}") = "BonyanTemplate.Domain", "Templates\BonyanTemplate.Domain\BonyanTemplate.Domain.csproj", "{587055AE-0FDC-435F-9872-66CEE6146214}"
EndProject
Project("{FAE04EC0-301F-11D3-BF4B-00C04F79EFBC}") = "BonyanTemplate.Infrastructure", "Templates\BonyanTemplate.Infrastructure\BonyanTemplate.Infrastructure.csproj", "{5BEBD3B1-8B94-49C3-8671-2DBC742D06D4}"
EndProject
Project("{FAE04EC0-301F-11D3-BF4B-00C04F79EFBC}") = "BonyanTemplate.Application", "Templates\BonyanTemplate.Application\BonyanTemplate.Application.csproj", "{24C303B8-39D4-4266-BF87-F0450C75C503}"
EndProject
Project("{FAE04EC0-301F-11D3-BF4B-00C04F79EFBC}") = "BonyanTemplate.WebApi", "Templates\BonyanTemplate.WebApi\BonyanTemplate.WebApi.csproj", "{475E86B9-64EB-4354-A88D-A98FACDF0A77}"
EndProject
Project("{FAE04EC0-301F-11D3-BF4B-00C04F79EFBC}") = "Bonyan.Module.UserManagement.Application.Contracts", "Modules\Bonyan.UserManagement\Src\Bonyan.Module.UserManagement.Application.Contracts\Bonyan.Module.UserManagement.Application.Contracts.csproj", "{2CB442EC-D509-4645-8765-16ECFED0DB0C}"
EndProject
Project("{FAE04EC0-301F-11D3-BF4B-00C04F79EFBC}") = "Bonyan.AspNetCore.Mvc", "Framework\Src\Bonyan.AspNetCore.Mvc\Bonyan.AspNetCore.Mvc.csproj", "{F97C91B8-9AE4-446E-816B-18B583C57239}"
EndProject
Project("{FAE04EC0-301F-11D3-BF4B-00C04F79EFBC}") = "Bonyan.AspNetCore.Authentication", "Framework\Src\Bonyan.AspNetCore.Authentication\Bonyan.AspNetCore.Authentication.csproj", "{257670E8-C6DB-4D25-BFE3-C5BC1D096F29}"
EndProject
Project("{FAE04EC0-301F-11D3-BF4B-00C04F79EFBC}") = "Bonyan.Module.IdentityManagement", "Modules\Bonyan.IdentityManagement\Src\Bonyan.Module.IdentityManagement\Bonyan.Module.IdentityManagement.csproj", "{12E29FD1-2409-4014-B139-5C7A387EE4D5}"
EndProject
Project("{2150E333-8FDC-42A3-9474-1A3956D46DE8}") = "Bonyan.Ui.Blazimum", "Bonyan.Ui.Blazimum", "{91E63F8C-5E54-47AB-8838-07CC2BB66E3A}"
EndProject
Project("{2150E333-8FDC-42A3-9474-1A3956D46DE8}") = "Src", "Src", "{36A348FA-61C3-401B-9FEF-836DEEFEA5C1}"
EndProject
Project("{FAE04EC0-301F-11D3-BF4B-00C04F79EFBC}") = "Bonyan.Module.Ui.Blazimum", "Modules\Bonyan.Ui.Blazimum\Src\Bonyan.Module.Ui.Blazimum\Bonyan.Module.Ui.Blazimum.csproj", "{264069A2-32F8-4AE8-9055-32720FB45744}"
EndProject
Project("{2150E333-8FDC-42A3-9474-1A3956D46DE8}") = "Demos", "Demos", "{58A58BEF-A085-4BB1-9BBB-3479C2869166}"
EndProject
Project("{FAE04EC0-301F-11D3-BF4B-00C04F79EFBC}") = "Blazimum.Demo", "Blazimum.Demo\Blazimum.Demo.csproj", "{DEA83482-9881-4791-9294-229DF0687957}"
EndProject
Project("{FAE04EC0-301F-11D3-BF4B-00C04F79EFBC}") = "Bonyan.Mediator", "Framework\Src\Bonyan.Mediator\Bonyan.Mediator.csproj", "{5C45F9E4-82FD-48E3-8B76-4ED7AD35F2A8}"
EndProject
Project("{FAE04EC0-301F-11D3-BF4B-00C04F79EFBC}") = "Bonyan.Mediator.Tests", "Framework\Tests\Bonyan.Mediator.Tests\Bonyan.Mediator.Tests.csproj", "{188731F8-26A0-4E50-ADBB-BA721345E2BB}"
EndProject
Project("{FAE04EC0-301F-11D3-BF4B-00C04F79EFBC}") = "Bonyan.StateMachine", "Framework\Src\Bonyan.StateMachine\Bonyan.StateMachine.csproj", "{D6E0CB5E-1859-425F-9133-7D788A045E9E}"
EndProject
Project("{FAE04EC0-301F-11D3-BF4B-00C04F79EFBC}") = "Bonyan.StateMachine.Tests", "Framework\Tests\Bonyan.StateMachine.Tests\Bonyan.StateMachine.Tests.csproj", "{BC9023D9-EAB9-4A19-803F-94CA6793C34D}"
EndProject
Project("{FAE04EC0-301F-11D3-BF4B-00C04F79EFBC}") = "Bonyan.Messaging.OutBox", "Framework\Src\Bonyan.Messaging.OutBox\Bonyan.Messaging.OutBox.csproj", "{95013E37-734E-4084-885B-EECA9AEC738A}"
EndProject
Project("{FAE04EC0-301F-11D3-BF4B-00C04F79EFBC}") = "Bonyan.Messaging.Outbox.Tests", "Framework\Tests\Bonyan.Messaging.Outbox.Tests\Bonyan.Messaging.Outbox.Tests.csproj", "{360F947E-2EC6-4D18-B5D7-6935A3CDB43F}"
EndProject
Project("{FAE04EC0-301F-11D3-BF4B-00C04F79EFBC}") = "Bonyan.Messaging.OutBox.EntityFrameworkCore", "Framework\Src\Bonyan.Messaging.OutBox.EntityFrameworkCore\Bonyan.Messaging.OutBox.EntityFrameworkCore.csproj", "{7D620503-52E0-4490-B118-3446F93A5EF4}"
EndProject
Project("{FAE04EC0-301F-11D3-BF4B-00C04F79EFBC}") = "Bonyan.Module.IdentityManagement.WebApi", "Modules\Bonyan.IdentityManagement\Src\Bonyan.Module.IdentityManagement.WebApi\Bonyan.Module.IdentityManagement.WebApi.csproj", "{A743E50A-10E8-47D6-8D48-FE135FAA98A9}"
EndProject
Project("{FAE04EC0-301F-11D3-BF4B-00C04F79EFBC}") = "Bonyan.AspNetCore.Swagger", "Framework\Src\Bonyan.AspNetCore.Swagger\Bonyan.AspNetCore.Swagger.csproj", "{A9491C0A-9D34-4906-9776-B9831FED641E}"
EndProject
Project("{FAE04EC0-301F-11D3-BF4B-00C04F79EFBC}") = "Blazimum.Demo.Plugin.Test", "Blazimum.Demo.Plugin.Test\Blazimum.Demo.Plugin.Test.csproj", "{C8DA873D-9275-4C5C-A8ED-C2F7B96B158C}"
EndProject
Project("{FAE04EC0-301F-11D3-BF4B-00C04F79EFBC}") = "Bonyan.AspNetCore.Authentication.Jwt", "Framework\Src\Bonyan.AspNetCore.Authentication.Jwt\Bonyan.AspNetCore.Authentication.Jwt.csproj", "{0653F691-888E-418C-BB23-C21FC85E9823}"
EndProject
Project("{FAE04EC0-301F-11D3-BF4B-00C04F79EFBC}") = "Bonyan.AspNetCore.Authentication.Cookie", "Framework\Src\Bonyan.AspNetCore.Authentication.Cookie\Bonyan.AspNetCore.Authentication.Cookie.csproj", "{895FC7A6-C242-4526-A521-18471BDEA921}"
EndProject
Project("{FAE04EC0-301F-11D3-BF4B-00C04F79EFBC}") = "Bonyan.Localization.Abstractions", "Framework\Src\Bonyan.Localization.Abstractions\Bonyan.Localization.Abstractions.csproj", "{349A1D5B-5F6F-47E2-B30F-E4ABE2CD9ADB}"
EndProject
Project("{FAE04EC0-301F-11D3-BF4B-00C04F79EFBC}") = "Bonyan.VirtualFileSystem", "Framework\Src\Bonyan.VirtualFileSystem\Bonyan.VirtualFileSystem.csproj", "{248ACF6A-4E6F-42A6-AC10-045A1BAD1D59}"
EndProject
Project("{FAE04EC0-301F-11D3-BF4B-00C04F79EFBC}") = "Bonyan.Localization", "Framework\Src\Bonyan.Localization\Bonyan.Localization.csproj", "{4456F691-CDFF-467C-A31B-C939D0FAD657}"
EndProject
Project("{2150E333-8FDC-42A3-9474-1A3956D46DE8}") = "Bonyan.NotificationManagement", "Bonyan.NotificationManagement", "{5DB1481B-DD7E-4CF1-8A96-D182541C9D7A}"
EndProject
Project("{2150E333-8FDC-42A3-9474-1A3956D46DE8}") = "Src", "Src", "{49B6EFE3-53B4-47B4-8AAB-DE35177DCBE6}"
EndProject
Project("{FAE04EC0-301F-11D3-BF4B-00C04F79EFBC}") = "Bonyan.Module.NotificationManagement.Domain", "Modules\Bonyan.NotificationManagement\Src\Bonyan.Module.NotificationManagement.Domain\Bonyan.Module.NotificationManagement.Domain.csproj", "{D5A1074A-D75E-464C-A691-DA3530011ED4}"
EndProject
Project("{FAE04EC0-301F-11D3-BF4B-00C04F79EFBC}") = "Bonyan.Module.NotificationManagement.Abstractions", "Modules\Bonyan.NotificationManagement\Src\Bonyan.Module.NotificationManagement.Abstractions\Bonyan.Module.NotificationManagement.Abstractions.csproj", "{1064C8A7-FC37-4312-A60F-C2B2F92F1849}"
EndProject
Project("{FAE04EC0-301F-11D3-BF4B-00C04F79EFBC}") = "Bonyan.Module.NotificationManagement.Application", "Modules\Bonyan.NotificationManagement\Src\Bonyan.Module.NotificationManagement.Application\Bonyan.Module.NotificationManagement.Application.csproj", "{C9D12324-E789-4A65-B2C1-DFF6BE136992}"
EndProject
Project("{FAE04EC0-301F-11D3-BF4B-00C04F79EFBC}") = "Bonyan.Module.NotificationManagement.EntityFrameworkCore", "Modules\Bonyan.NotificationManagement\Src\Bonyan.Module.NotificationManagement.EntityFrameworkCore\Bonyan.Module.NotificationManagement.EntityFrameworkCore.csproj", "{09B16748-7173-4C75-83A8-EF3C65300A05}"
EndProject
Project("{2150E333-8FDC-42A3-9474-1A3956D46DE8}") = "Novino", "Novino", "{F40E076D-62FF-4D5A-825C-3DCC68A5B7C6}"
EndProject
Project("{2150E333-8FDC-42A3-9474-1A3956D46DE8}") = "Src", "Src", "{BE1AC625-A59C-4B34-ADD6-276B5C1F4F69}"
EndProject
Project("{FAE04EC0-301F-11D3-BF4B-00C04F79EFBC}") = "Bonyan.Novino.Web", "Novino\src\Bonyan.Ui.Novino.Web\Bonyan.Novino.Web.csproj", "{6E2BFFB8-43EF-4670-92B9-3E20A5AB5C5C}"
EndProject
Project("{FAE04EC0-301F-11D3-BF4B-00C04F79EFBC}") = "Bonyan.Novino.Core", "Novino\src\Bonyan.Ui.Novino.Core\Bonyan.Novino.Core.csproj", "{CAFEEB10-C8B1-4971-B603-BA07EE696C34}"
EndProject
Project("{FAE04EC0-301F-11D3-BF4B-00C04F79EFBC}") = "Bonyan.Novino.Infrastructure", "Novino\src\Bonyan.Novino.Infrastructure\Bonyan.Novino.Infrastructure.csproj", "{F10C5D69-682D-415B-8D1A-CC2ABA9C1D2C}"
EndProject
Project("{FAE04EC0-301F-11D3-BF4B-00C04F79EFBC}") = "Bonyan.Novino.Domain", "Novino\src\Bonyan.Novino.Domain\Bonyan.Novino.Domain.csproj", "{9CAEB4A1-BE4F-4A28-8A4B-4956555C594D}"
EndProject
Project("{FAE04EC0-301F-11D3-BF4B-00C04F79EFBC}") = "Bonyan.Novino.Application", "Novino\src\Bonyan.Novino.Application\Bonyan.Novino.Application.csproj", "{9CFC2566-3807-44C6-89A4-B6339B10804E}"
EndProject
Project("{2150E333-8FDC-42A3-9474-1A3956D46DE8}") = "Module", "Module", "{8A3FA2B5-3030-4CAB-B515-AD1005B0BC27}"
EndProject
Project("{FAE04EC0-301F-11D3-BF4B-00C04F79EFBC}") = "Bonyan.Novino.Module.UserManagement", "Novino\modules\Bonyan.Novino.Module.UserManagement\Bonyan.Novino.Module.UserManagement.csproj", "{01A270BA-70D1-4C45-929D-7F823F7A938C}"
EndProject
Project("{2150E333-8FDC-42A3-9474-1A3956D46DE8}") = "UserManagement", "UserManagement", "{D5B0A206-D64F-436C-847F-DCB6812F2E13}"
EndProject
Project("{FAE04EC0-301F-11D3-BF4B-00C04F79EFBC}") = "Bonyan.Novino.Module.UserManagement.Abstractions", "Novino\modules\Bonyan.Novino.Module.UserManagement.Abstractions\Bonyan.Novino.Module.UserManagement.Abstractions.csproj", "{D7F17810-8207-49D5-8471-34F297736941}"
EndProject
Project("{FAE04EC0-301F-11D3-BF4B-00C04F79EFBC}") = "Bonyan.AspNetCore.View.ZoneComponent", "Framework\Src\Bonyan.AspNetCore.View.ZoneComponent\Bonyan.AspNetCore.View.ZoneComponent.csproj", "{E11BFEAF-7DA7-466E-AD94-26D2D4735650}"
EndProject
Project("{2150E333-8FDC-42A3-9474-1A3956D46DE8}") = "RoleManagement", "RoleManagement", "{7ACD49E3-AB6E-4D47-B792-7CDFD8387C42}"
EndProject
Project("{FAE04EC0-301F-11D3-BF4B-00C04F79EFBC}") = "Bonyan.Novino.Module.RoleManagement.Abstractions", "Novino\modules\Bonyan.Novino.Module.RoleManagement.Abstractions\Bonyan.Novino.Module.RoleManagement.Abstractions.csproj", "{E241DBB1-02E7-44EB-8E33-B70A3CA6CB23}"
EndProject
Project("{FAE04EC0-301F-11D3-BF4B-00C04F79EFBC}") = "Bonyan.Novino.Module.RoleManagement", "Novino\modules\Bonyan.Novino.Module.RoleManagement\Bonyan.Novino.Module.RoleManagement.csproj", "{0E3AC30B-C0D1-4BB1-93B4-28269BB209A1}"
EndProject
Project("{FAE04EC0-301F-11D3-BF4B-00C04F79EFBC}") = "Bonyan.Messaging.Tests", "Framework\Tests\Bonyan.Messaging.Tests\Bonyan.Messaging.Tests.csproj", "{291BE8CE-D157-492E-9EFB-98048E52A3DB}"
EndProject
Project("{FAE04EC0-301F-11D3-BF4B-00C04F79EFBC}") = "WebApi.Demo", "WebApi.Demo\WebApi.Demo.csproj", "{A0EA0229-2343-49A5-A9C3-6239A699004F}"
EndProject
Global
	GlobalSection(SolutionConfigurationPlatforms) = preSolution
		Debug|Any CPU = Debug|Any CPU
		Release|Any CPU = Release|Any CPU
	EndGlobalSection
	GlobalSection(ProjectConfigurationPlatforms) = postSolution
		{FBCEBF87-F083-442E-B60E-2B7FFBECF54B}.Debug|Any CPU.ActiveCfg = Debug|Any CPU
		{FBCEBF87-F083-442E-B60E-2B7FFBECF54B}.Debug|Any CPU.Build.0 = Debug|Any CPU
		{FBCEBF87-F083-442E-B60E-2B7FFBECF54B}.Release|Any CPU.ActiveCfg = Release|Any CPU
		{FBCEBF87-F083-442E-B60E-2B7FFBECF54B}.Release|Any CPU.Build.0 = Release|Any CPU
		{5BD35C5F-F6C4-4AB7-AF24-893821832A06}.Debug|Any CPU.ActiveCfg = Debug|Any CPU
		{5BD35C5F-F6C4-4AB7-AF24-893821832A06}.Debug|Any CPU.Build.0 = Debug|Any CPU
		{5BD35C5F-F6C4-4AB7-AF24-893821832A06}.Release|Any CPU.ActiveCfg = Release|Any CPU
		{5BD35C5F-F6C4-4AB7-AF24-893821832A06}.Release|Any CPU.Build.0 = Release|Any CPU
		{7D189F02-6CF1-4E44-975A-11E882669C13}.Debug|Any CPU.ActiveCfg = Debug|Any CPU
		{7D189F02-6CF1-4E44-975A-11E882669C13}.Debug|Any CPU.Build.0 = Debug|Any CPU
		{7D189F02-6CF1-4E44-975A-11E882669C13}.Release|Any CPU.ActiveCfg = Release|Any CPU
		{7D189F02-6CF1-4E44-975A-11E882669C13}.Release|Any CPU.Build.0 = Release|Any CPU
		{AFA9CF2F-B53E-47B6-B4A5-92B05CC16013}.Debug|Any CPU.ActiveCfg = Debug|Any CPU
		{AFA9CF2F-B53E-47B6-B4A5-92B05CC16013}.Debug|Any CPU.Build.0 = Debug|Any CPU
		{AFA9CF2F-B53E-47B6-B4A5-92B05CC16013}.Release|Any CPU.ActiveCfg = Release|Any CPU
		{AFA9CF2F-B53E-47B6-B4A5-92B05CC16013}.Release|Any CPU.Build.0 = Release|Any CPU
		{62791559-5D8D-4EE2-8AFE-10F32263A700}.Debug|Any CPU.ActiveCfg = Debug|Any CPU
		{62791559-5D8D-4EE2-8AFE-10F32263A700}.Debug|Any CPU.Build.0 = Debug|Any CPU
		{62791559-5D8D-4EE2-8AFE-10F32263A700}.Release|Any CPU.ActiveCfg = Release|Any CPU
		{62791559-5D8D-4EE2-8AFE-10F32263A700}.Release|Any CPU.Build.0 = Release|Any CPU
		{11C2071F-B6FD-4E7C-8CCD-5D5A2F56399D}.Debug|Any CPU.ActiveCfg = Debug|Any CPU
		{11C2071F-B6FD-4E7C-8CCD-5D5A2F56399D}.Debug|Any CPU.Build.0 = Debug|Any CPU
		{11C2071F-B6FD-4E7C-8CCD-5D5A2F56399D}.Release|Any CPU.ActiveCfg = Release|Any CPU
		{11C2071F-B6FD-4E7C-8CCD-5D5A2F56399D}.Release|Any CPU.Build.0 = Release|Any CPU
		{6780A88C-D61F-4C20-8899-C294298196E6}.Debug|Any CPU.ActiveCfg = Debug|Any CPU
		{6780A88C-D61F-4C20-8899-C294298196E6}.Debug|Any CPU.Build.0 = Debug|Any CPU
		{6780A88C-D61F-4C20-8899-C294298196E6}.Release|Any CPU.ActiveCfg = Release|Any CPU
		{6780A88C-D61F-4C20-8899-C294298196E6}.Release|Any CPU.Build.0 = Release|Any CPU
		{22DAE8E6-9934-4E49-A83B-98E51CC8F46F}.Debug|Any CPU.ActiveCfg = Debug|Any CPU
		{22DAE8E6-9934-4E49-A83B-98E51CC8F46F}.Debug|Any CPU.Build.0 = Debug|Any CPU
		{22DAE8E6-9934-4E49-A83B-98E51CC8F46F}.Release|Any CPU.ActiveCfg = Release|Any CPU
		{22DAE8E6-9934-4E49-A83B-98E51CC8F46F}.Release|Any CPU.Build.0 = Release|Any CPU
		{97A2F0B3-7918-4D01-8EE9-AD35E7DDD456}.Debug|Any CPU.ActiveCfg = Debug|Any CPU
		{97A2F0B3-7918-4D01-8EE9-AD35E7DDD456}.Debug|Any CPU.Build.0 = Debug|Any CPU
		{97A2F0B3-7918-4D01-8EE9-AD35E7DDD456}.Release|Any CPU.ActiveCfg = Release|Any CPU
		{97A2F0B3-7918-4D01-8EE9-AD35E7DDD456}.Release|Any CPU.Build.0 = Release|Any CPU
		{BB354D15-2597-4965-B28A-BAA028C39828}.Debug|Any CPU.ActiveCfg = Debug|Any CPU
		{BB354D15-2597-4965-B28A-BAA028C39828}.Debug|Any CPU.Build.0 = Debug|Any CPU
		{BB354D15-2597-4965-B28A-BAA028C39828}.Release|Any CPU.ActiveCfg = Release|Any CPU
		{BB354D15-2597-4965-B28A-BAA028C39828}.Release|Any CPU.Build.0 = Release|Any CPU
		{AA396903-B749-4397-AABA-888A2C28D0C0}.Debug|Any CPU.ActiveCfg = Debug|Any CPU
		{AA396903-B749-4397-AABA-888A2C28D0C0}.Debug|Any CPU.Build.0 = Debug|Any CPU
		{AA396903-B749-4397-AABA-888A2C28D0C0}.Release|Any CPU.ActiveCfg = Release|Any CPU
		{AA396903-B749-4397-AABA-888A2C28D0C0}.Release|Any CPU.Build.0 = Release|Any CPU
		{6ACF6C01-013E-4D23-B6C8-98A9F88BEF69}.Debug|Any CPU.ActiveCfg = Debug|Any CPU
		{6ACF6C01-013E-4D23-B6C8-98A9F88BEF69}.Debug|Any CPU.Build.0 = Debug|Any CPU
		{6ACF6C01-013E-4D23-B6C8-98A9F88BEF69}.Release|Any CPU.ActiveCfg = Release|Any CPU
		{6ACF6C01-013E-4D23-B6C8-98A9F88BEF69}.Release|Any CPU.Build.0 = Release|Any CPU
		{ACDB5A75-5DFD-420E-B5DC-65727D0250C7}.Debug|Any CPU.ActiveCfg = Debug|Any CPU
		{ACDB5A75-5DFD-420E-B5DC-65727D0250C7}.Debug|Any CPU.Build.0 = Debug|Any CPU
		{ACDB5A75-5DFD-420E-B5DC-65727D0250C7}.Release|Any CPU.ActiveCfg = Release|Any CPU
		{ACDB5A75-5DFD-420E-B5DC-65727D0250C7}.Release|Any CPU.Build.0 = Release|Any CPU
		{861A72CB-FA97-46DC-BCA7-2F78B7E1B013}.Debug|Any CPU.ActiveCfg = Debug|Any CPU
		{861A72CB-FA97-46DC-BCA7-2F78B7E1B013}.Debug|Any CPU.Build.0 = Debug|Any CPU
		{861A72CB-FA97-46DC-BCA7-2F78B7E1B013}.Release|Any CPU.ActiveCfg = Release|Any CPU
		{861A72CB-FA97-46DC-BCA7-2F78B7E1B013}.Release|Any CPU.Build.0 = Release|Any CPU
		{BB80CF95-26CA-4F2C-9C16-CE4E799A32F6}.Debug|Any CPU.ActiveCfg = Debug|Any CPU
		{BB80CF95-26CA-4F2C-9C16-CE4E799A32F6}.Debug|Any CPU.Build.0 = Debug|Any CPU
		{BB80CF95-26CA-4F2C-9C16-CE4E799A32F6}.Release|Any CPU.ActiveCfg = Release|Any CPU
		{BB80CF95-26CA-4F2C-9C16-CE4E799A32F6}.Release|Any CPU.Build.0 = Release|Any CPU
		{E71B11EA-8D38-40BB-A44C-E2CEA795B7E8}.Debug|Any CPU.ActiveCfg = Debug|Any CPU
		{E71B11EA-8D38-40BB-A44C-E2CEA795B7E8}.Debug|Any CPU.Build.0 = Debug|Any CPU
		{E71B11EA-8D38-40BB-A44C-E2CEA795B7E8}.Release|Any CPU.ActiveCfg = Release|Any CPU
		{E71B11EA-8D38-40BB-A44C-E2CEA795B7E8}.Release|Any CPU.Build.0 = Release|Any CPU
		{4A61C75C-5BA3-42B5-BEF1-2CBEE47A10C2}.Debug|Any CPU.ActiveCfg = Debug|Any CPU
		{4A61C75C-5BA3-42B5-BEF1-2CBEE47A10C2}.Debug|Any CPU.Build.0 = Debug|Any CPU
		{4A61C75C-5BA3-42B5-BEF1-2CBEE47A10C2}.Release|Any CPU.ActiveCfg = Release|Any CPU
		{4A61C75C-5BA3-42B5-BEF1-2CBEE47A10C2}.Release|Any CPU.Build.0 = Release|Any CPU
		{32A88CA9-0C39-4986-AC22-E3B569317A30}.Debug|Any CPU.ActiveCfg = Debug|Any CPU
		{32A88CA9-0C39-4986-AC22-E3B569317A30}.Debug|Any CPU.Build.0 = Debug|Any CPU
		{32A88CA9-0C39-4986-AC22-E3B569317A30}.Release|Any CPU.ActiveCfg = Release|Any CPU
		{32A88CA9-0C39-4986-AC22-E3B569317A30}.Release|Any CPU.Build.0 = Release|Any CPU
		{2EBB1D52-CC2D-4DE3-B9C6-6AA71FF2B93C}.Debug|Any CPU.ActiveCfg = Debug|Any CPU
		{2EBB1D52-CC2D-4DE3-B9C6-6AA71FF2B93C}.Debug|Any CPU.Build.0 = Debug|Any CPU
		{2EBB1D52-CC2D-4DE3-B9C6-6AA71FF2B93C}.Release|Any CPU.ActiveCfg = Release|Any CPU
		{2EBB1D52-CC2D-4DE3-B9C6-6AA71FF2B93C}.Release|Any CPU.Build.0 = Release|Any CPU
		{1F876AD8-A6A0-4802-962A-7D0153231872}.Debug|Any CPU.ActiveCfg = Debug|Any CPU
		{1F876AD8-A6A0-4802-962A-7D0153231872}.Debug|Any CPU.Build.0 = Debug|Any CPU
		{1F876AD8-A6A0-4802-962A-7D0153231872}.Release|Any CPU.ActiveCfg = Release|Any CPU
		{1F876AD8-A6A0-4802-962A-7D0153231872}.Release|Any CPU.Build.0 = Release|Any CPU
		{4D9DF658-791D-4DB8-AA66-16D3018E2C08}.Debug|Any CPU.ActiveCfg = Debug|Any CPU
		{4D9DF658-791D-4DB8-AA66-16D3018E2C08}.Debug|Any CPU.Build.0 = Debug|Any CPU
		{4D9DF658-791D-4DB8-AA66-16D3018E2C08}.Release|Any CPU.ActiveCfg = Release|Any CPU
		{4D9DF658-791D-4DB8-AA66-16D3018E2C08}.Release|Any CPU.Build.0 = Release|Any CPU
		{D1D08A7C-5D0F-4F26-837D-DE78AD5333CA}.Debug|Any CPU.ActiveCfg = Debug|Any CPU
		{D1D08A7C-5D0F-4F26-837D-DE78AD5333CA}.Debug|Any CPU.Build.0 = Debug|Any CPU
		{D1D08A7C-5D0F-4F26-837D-DE78AD5333CA}.Release|Any CPU.ActiveCfg = Release|Any CPU
		{D1D08A7C-5D0F-4F26-837D-DE78AD5333CA}.Release|Any CPU.Build.0 = Release|Any CPU
		{D207ACCE-531D-4EDC-AB0E-2604D35C8FA3}.Debug|Any CPU.ActiveCfg = Debug|Any CPU
		{D207ACCE-531D-4EDC-AB0E-2604D35C8FA3}.Debug|Any CPU.Build.0 = Debug|Any CPU
		{D207ACCE-531D-4EDC-AB0E-2604D35C8FA3}.Release|Any CPU.ActiveCfg = Release|Any CPU
		{D207ACCE-531D-4EDC-AB0E-2604D35C8FA3}.Release|Any CPU.Build.0 = Release|Any CPU
		{B1470FE0-2268-40F8-ACE7-68CF9FE84AC1}.Debug|Any CPU.ActiveCfg = Debug|Any CPU
		{B1470FE0-2268-40F8-ACE7-68CF9FE84AC1}.Debug|Any CPU.Build.0 = Debug|Any CPU
		{B1470FE0-2268-40F8-ACE7-68CF9FE84AC1}.Release|Any CPU.ActiveCfg = Release|Any CPU
		{B1470FE0-2268-40F8-ACE7-68CF9FE84AC1}.Release|Any CPU.Build.0 = Release|Any CPU
		{48B16554-F38D-4B43-8BE3-552A1B93A945}.Debug|Any CPU.ActiveCfg = Debug|Any CPU
		{48B16554-F38D-4B43-8BE3-552A1B93A945}.Debug|Any CPU.Build.0 = Debug|Any CPU
		{48B16554-F38D-4B43-8BE3-552A1B93A945}.Release|Any CPU.ActiveCfg = Release|Any CPU
		{48B16554-F38D-4B43-8BE3-552A1B93A945}.Release|Any CPU.Build.0 = Release|Any CPU
		{D1B0B867-74E2-4F5D-8DCC-64B77564706C}.Debug|Any CPU.ActiveCfg = Debug|Any CPU
		{D1B0B867-74E2-4F5D-8DCC-64B77564706C}.Debug|Any CPU.Build.0 = Debug|Any CPU
		{D1B0B867-74E2-4F5D-8DCC-64B77564706C}.Release|Any CPU.ActiveCfg = Release|Any CPU
		{D1B0B867-74E2-4F5D-8DCC-64B77564706C}.Release|Any CPU.Build.0 = Release|Any CPU
		{61A5A8E0-9E42-412D-96D4-9C4353BA03B5}.Debug|Any CPU.ActiveCfg = Debug|Any CPU
		{61A5A8E0-9E42-412D-96D4-9C4353BA03B5}.Debug|Any CPU.Build.0 = Debug|Any CPU
		{61A5A8E0-9E42-412D-96D4-9C4353BA03B5}.Release|Any CPU.ActiveCfg = Release|Any CPU
		{61A5A8E0-9E42-412D-96D4-9C4353BA03B5}.Release|Any CPU.Build.0 = Release|Any CPU
		{DFC29578-4213-4AC3-BDE5-E590A8DAFDE7}.Debug|Any CPU.ActiveCfg = Debug|Any CPU
		{DFC29578-4213-4AC3-BDE5-E590A8DAFDE7}.Debug|Any CPU.Build.0 = Debug|Any CPU
		{DFC29578-4213-4AC3-BDE5-E590A8DAFDE7}.Release|Any CPU.ActiveCfg = Release|Any CPU
		{DFC29578-4213-4AC3-BDE5-E590A8DAFDE7}.Release|Any CPU.Build.0 = Release|Any CPU
		{4774F77A-3AD2-4FB2-B144-B20292710892}.Debug|Any CPU.ActiveCfg = Debug|Any CPU
		{4774F77A-3AD2-4FB2-B144-B20292710892}.Debug|Any CPU.Build.0 = Debug|Any CPU
		{4774F77A-3AD2-4FB2-B144-B20292710892}.Release|Any CPU.ActiveCfg = Release|Any CPU
		{4774F77A-3AD2-4FB2-B144-B20292710892}.Release|Any CPU.Build.0 = Release|Any CPU
		{8D2D5378-DF29-47FB-B30B-D79A5A9CA826}.Debug|Any CPU.ActiveCfg = Debug|Any CPU
		{8D2D5378-DF29-47FB-B30B-D79A5A9CA826}.Debug|Any CPU.Build.0 = Debug|Any CPU
		{8D2D5378-DF29-47FB-B30B-D79A5A9CA826}.Release|Any CPU.ActiveCfg = Release|Any CPU
		{8D2D5378-DF29-47FB-B30B-D79A5A9CA826}.Release|Any CPU.Build.0 = Release|Any CPU
		{2C36BC1D-53E5-4C6D-A651-E0B3BDEC62A6}.Debug|Any CPU.ActiveCfg = Debug|Any CPU
		{2C36BC1D-53E5-4C6D-A651-E0B3BDEC62A6}.Debug|Any CPU.Build.0 = Debug|Any CPU
		{2C36BC1D-53E5-4C6D-A651-E0B3BDEC62A6}.Release|Any CPU.ActiveCfg = Release|Any CPU
		{2C36BC1D-53E5-4C6D-A651-E0B3BDEC62A6}.Release|Any CPU.Build.0 = Release|Any CPU
		{3BAD587F-6541-4DFD-8AAD-20120F75CF92}.Debug|Any CPU.ActiveCfg = Debug|Any CPU
		{3BAD587F-6541-4DFD-8AAD-20120F75CF92}.Debug|Any CPU.Build.0 = Debug|Any CPU
		{3BAD587F-6541-4DFD-8AAD-20120F75CF92}.Release|Any CPU.ActiveCfg = Release|Any CPU
		{3BAD587F-6541-4DFD-8AAD-20120F75CF92}.Release|Any CPU.Build.0 = Release|Any CPU
		{587055AE-0FDC-435F-9872-66CEE6146214}.Debug|Any CPU.ActiveCfg = Debug|Any CPU
		{587055AE-0FDC-435F-9872-66CEE6146214}.Debug|Any CPU.Build.0 = Debug|Any CPU
		{587055AE-0FDC-435F-9872-66CEE6146214}.Release|Any CPU.ActiveCfg = Release|Any CPU
		{587055AE-0FDC-435F-9872-66CEE6146214}.Release|Any CPU.Build.0 = Release|Any CPU
		{5BEBD3B1-8B94-49C3-8671-2DBC742D06D4}.Debug|Any CPU.ActiveCfg = Debug|Any CPU
		{5BEBD3B1-8B94-49C3-8671-2DBC742D06D4}.Debug|Any CPU.Build.0 = Debug|Any CPU
		{5BEBD3B1-8B94-49C3-8671-2DBC742D06D4}.Release|Any CPU.ActiveCfg = Release|Any CPU
		{5BEBD3B1-8B94-49C3-8671-2DBC742D06D4}.Release|Any CPU.Build.0 = Release|Any CPU
		{24C303B8-39D4-4266-BF87-F0450C75C503}.Debug|Any CPU.ActiveCfg = Debug|Any CPU
		{24C303B8-39D4-4266-BF87-F0450C75C503}.Debug|Any CPU.Build.0 = Debug|Any CPU
		{24C303B8-39D4-4266-BF87-F0450C75C503}.Release|Any CPU.ActiveCfg = Release|Any CPU
		{24C303B8-39D4-4266-BF87-F0450C75C503}.Release|Any CPU.Build.0 = Release|Any CPU
		{475E86B9-64EB-4354-A88D-A98FACDF0A77}.Debug|Any CPU.ActiveCfg = Debug|Any CPU
		{475E86B9-64EB-4354-A88D-A98FACDF0A77}.Debug|Any CPU.Build.0 = Debug|Any CPU
		{475E86B9-64EB-4354-A88D-A98FACDF0A77}.Release|Any CPU.ActiveCfg = Release|Any CPU
		{475E86B9-64EB-4354-A88D-A98FACDF0A77}.Release|Any CPU.Build.0 = Release|Any CPU
		{2CB442EC-D509-4645-8765-16ECFED0DB0C}.Debug|Any CPU.ActiveCfg = Debug|Any CPU
		{2CB442EC-D509-4645-8765-16ECFED0DB0C}.Debug|Any CPU.Build.0 = Debug|Any CPU
		{2CB442EC-D509-4645-8765-16ECFED0DB0C}.Release|Any CPU.ActiveCfg = Release|Any CPU
		{2CB442EC-D509-4645-8765-16ECFED0DB0C}.Release|Any CPU.Build.0 = Release|Any CPU
		{F97C91B8-9AE4-446E-816B-18B583C57239}.Debug|Any CPU.ActiveCfg = Debug|Any CPU
		{F97C91B8-9AE4-446E-816B-18B583C57239}.Debug|Any CPU.Build.0 = Debug|Any CPU
		{F97C91B8-9AE4-446E-816B-18B583C57239}.Release|Any CPU.ActiveCfg = Release|Any CPU
		{F97C91B8-9AE4-446E-816B-18B583C57239}.Release|Any CPU.Build.0 = Release|Any CPU
		{257670E8-C6DB-4D25-BFE3-C5BC1D096F29}.Debug|Any CPU.ActiveCfg = Debug|Any CPU
		{257670E8-C6DB-4D25-BFE3-C5BC1D096F29}.Debug|Any CPU.Build.0 = Debug|Any CPU
		{257670E8-C6DB-4D25-BFE3-C5BC1D096F29}.Release|Any CPU.ActiveCfg = Release|Any CPU
		{257670E8-C6DB-4D25-BFE3-C5BC1D096F29}.Release|Any CPU.Build.0 = Release|Any CPU
		{12E29FD1-2409-4014-B139-5C7A387EE4D5}.Debug|Any CPU.ActiveCfg = Debug|Any CPU
		{12E29FD1-2409-4014-B139-5C7A387EE4D5}.Debug|Any CPU.Build.0 = Debug|Any CPU
		{12E29FD1-2409-4014-B139-5C7A387EE4D5}.Release|Any CPU.ActiveCfg = Release|Any CPU
		{12E29FD1-2409-4014-B139-5C7A387EE4D5}.Release|Any CPU.Build.0 = Release|Any CPU
		{264069A2-32F8-4AE8-9055-32720FB45744}.Debug|Any CPU.ActiveCfg = Debug|Any CPU
		{264069A2-32F8-4AE8-9055-32720FB45744}.Debug|Any CPU.Build.0 = Debug|Any CPU
		{264069A2-32F8-4AE8-9055-32720FB45744}.Release|Any CPU.ActiveCfg = Release|Any CPU
		{264069A2-32F8-4AE8-9055-32720FB45744}.Release|Any CPU.Build.0 = Release|Any CPU
		{DEA83482-9881-4791-9294-229DF0687957}.Debug|Any CPU.ActiveCfg = Debug|Any CPU
		{DEA83482-9881-4791-9294-229DF0687957}.Debug|Any CPU.Build.0 = Debug|Any CPU
		{DEA83482-9881-4791-9294-229DF0687957}.Release|Any CPU.ActiveCfg = Release|Any CPU
		{DEA83482-9881-4791-9294-229DF0687957}.Release|Any CPU.Build.0 = Release|Any CPU
		{5C45F9E4-82FD-48E3-8B76-4ED7AD35F2A8}.Debug|Any CPU.ActiveCfg = Debug|Any CPU
		{5C45F9E4-82FD-48E3-8B76-4ED7AD35F2A8}.Debug|Any CPU.Build.0 = Debug|Any CPU
		{5C45F9E4-82FD-48E3-8B76-4ED7AD35F2A8}.Release|Any CPU.ActiveCfg = Release|Any CPU
		{5C45F9E4-82FD-48E3-8B76-4ED7AD35F2A8}.Release|Any CPU.Build.0 = Release|Any CPU
		{188731F8-26A0-4E50-ADBB-BA721345E2BB}.Debug|Any CPU.ActiveCfg = Debug|Any CPU
		{188731F8-26A0-4E50-ADBB-BA721345E2BB}.Debug|Any CPU.Build.0 = Debug|Any CPU
		{188731F8-26A0-4E50-ADBB-BA721345E2BB}.Release|Any CPU.ActiveCfg = Release|Any CPU
		{188731F8-26A0-4E50-ADBB-BA721345E2BB}.Release|Any CPU.Build.0 = Release|Any CPU
		{D6E0CB5E-1859-425F-9133-7D788A045E9E}.Debug|Any CPU.ActiveCfg = Debug|Any CPU
		{D6E0CB5E-1859-425F-9133-7D788A045E9E}.Debug|Any CPU.Build.0 = Debug|Any CPU
		{D6E0CB5E-1859-425F-9133-7D788A045E9E}.Release|Any CPU.ActiveCfg = Release|Any CPU
		{D6E0CB5E-1859-425F-9133-7D788A045E9E}.Release|Any CPU.Build.0 = Release|Any CPU
		{BC9023D9-EAB9-4A19-803F-94CA6793C34D}.Debug|Any CPU.ActiveCfg = Debug|Any CPU
		{BC9023D9-EAB9-4A19-803F-94CA6793C34D}.Debug|Any CPU.Build.0 = Debug|Any CPU
		{BC9023D9-EAB9-4A19-803F-94CA6793C34D}.Release|Any CPU.ActiveCfg = Release|Any CPU
		{BC9023D9-EAB9-4A19-803F-94CA6793C34D}.Release|Any CPU.Build.0 = Release|Any CPU
		{95013E37-734E-4084-885B-EECA9AEC738A}.Debug|Any CPU.ActiveCfg = Debug|Any CPU
		{95013E37-734E-4084-885B-EECA9AEC738A}.Debug|Any CPU.Build.0 = Debug|Any CPU
		{95013E37-734E-4084-885B-EECA9AEC738A}.Release|Any CPU.ActiveCfg = Release|Any CPU
		{95013E37-734E-4084-885B-EECA9AEC738A}.Release|Any CPU.Build.0 = Release|Any CPU
		{360F947E-2EC6-4D18-B5D7-6935A3CDB43F}.Debug|Any CPU.ActiveCfg = Debug|Any CPU
		{360F947E-2EC6-4D18-B5D7-6935A3CDB43F}.Debug|Any CPU.Build.0 = Debug|Any CPU
		{360F947E-2EC6-4D18-B5D7-6935A3CDB43F}.Release|Any CPU.ActiveCfg = Release|Any CPU
		{360F947E-2EC6-4D18-B5D7-6935A3CDB43F}.Release|Any CPU.Build.0 = Release|Any CPU
		{7D620503-52E0-4490-B118-3446F93A5EF4}.Debug|Any CPU.ActiveCfg = Debug|Any CPU
		{7D620503-52E0-4490-B118-3446F93A5EF4}.Debug|Any CPU.Build.0 = Debug|Any CPU
		{7D620503-52E0-4490-B118-3446F93A5EF4}.Release|Any CPU.ActiveCfg = Release|Any CPU
		{7D620503-52E0-4490-B118-3446F93A5EF4}.Release|Any CPU.Build.0 = Release|Any CPU
		{A743E50A-10E8-47D6-8D48-FE135FAA98A9}.Debug|Any CPU.ActiveCfg = Debug|Any CPU
		{A743E50A-10E8-47D6-8D48-FE135FAA98A9}.Debug|Any CPU.Build.0 = Debug|Any CPU
		{A743E50A-10E8-47D6-8D48-FE135FAA98A9}.Release|Any CPU.ActiveCfg = Release|Any CPU
		{A743E50A-10E8-47D6-8D48-FE135FAA98A9}.Release|Any CPU.Build.0 = Release|Any CPU
		{A9491C0A-9D34-4906-9776-B9831FED641E}.Debug|Any CPU.ActiveCfg = Debug|Any CPU
		{A9491C0A-9D34-4906-9776-B9831FED641E}.Debug|Any CPU.Build.0 = Debug|Any CPU
		{A9491C0A-9D34-4906-9776-B9831FED641E}.Release|Any CPU.ActiveCfg = Release|Any CPU
		{A9491C0A-9D34-4906-9776-B9831FED641E}.Release|Any CPU.Build.0 = Release|Any CPU
		{C8DA873D-9275-4C5C-A8ED-C2F7B96B158C}.Debug|Any CPU.ActiveCfg = Debug|Any CPU
		{C8DA873D-9275-4C5C-A8ED-C2F7B96B158C}.Debug|Any CPU.Build.0 = Debug|Any CPU
		{C8DA873D-9275-4C5C-A8ED-C2F7B96B158C}.Release|Any CPU.ActiveCfg = Release|Any CPU
		{C8DA873D-9275-4C5C-A8ED-C2F7B96B158C}.Release|Any CPU.Build.0 = Release|Any CPU
		{0653F691-888E-418C-BB23-C21FC85E9823}.Debug|Any CPU.ActiveCfg = Debug|Any CPU
		{0653F691-888E-418C-BB23-C21FC85E9823}.Debug|Any CPU.Build.0 = Debug|Any CPU
		{0653F691-888E-418C-BB23-C21FC85E9823}.Release|Any CPU.ActiveCfg = Release|Any CPU
		{0653F691-888E-418C-BB23-C21FC85E9823}.Release|Any CPU.Build.0 = Release|Any CPU
		{895FC7A6-C242-4526-A521-18471BDEA921}.Debug|Any CPU.ActiveCfg = Debug|Any CPU
		{895FC7A6-C242-4526-A521-18471BDEA921}.Debug|Any CPU.Build.0 = Debug|Any CPU
		{895FC7A6-C242-4526-A521-18471BDEA921}.Release|Any CPU.ActiveCfg = Release|Any CPU
		{895FC7A6-C242-4526-A521-18471BDEA921}.Release|Any CPU.Build.0 = Release|Any CPU
		{349A1D5B-5F6F-47E2-B30F-E4ABE2CD9ADB}.Debug|Any CPU.ActiveCfg = Debug|Any CPU
		{349A1D5B-5F6F-47E2-B30F-E4ABE2CD9ADB}.Debug|Any CPU.Build.0 = Debug|Any CPU
		{349A1D5B-5F6F-47E2-B30F-E4ABE2CD9ADB}.Release|Any CPU.ActiveCfg = Release|Any CPU
		{349A1D5B-5F6F-47E2-B30F-E4ABE2CD9ADB}.Release|Any CPU.Build.0 = Release|Any CPU
		{248ACF6A-4E6F-42A6-AC10-045A1BAD1D59}.Debug|Any CPU.ActiveCfg = Debug|Any CPU
		{248ACF6A-4E6F-42A6-AC10-045A1BAD1D59}.Debug|Any CPU.Build.0 = Debug|Any CPU
		{248ACF6A-4E6F-42A6-AC10-045A1BAD1D59}.Release|Any CPU.ActiveCfg = Release|Any CPU
		{248ACF6A-4E6F-42A6-AC10-045A1BAD1D59}.Release|Any CPU.Build.0 = Release|Any CPU
		{4456F691-CDFF-467C-A31B-C939D0FAD657}.Debug|Any CPU.ActiveCfg = Debug|Any CPU
		{4456F691-CDFF-467C-A31B-C939D0FAD657}.Debug|Any CPU.Build.0 = Debug|Any CPU
		{4456F691-CDFF-467C-A31B-C939D0FAD657}.Release|Any CPU.ActiveCfg = Release|Any CPU
		{4456F691-CDFF-467C-A31B-C939D0FAD657}.Release|Any CPU.Build.0 = Release|Any CPU
		{D5A1074A-D75E-464C-A691-DA3530011ED4}.Debug|Any CPU.ActiveCfg = Debug|Any CPU
		{D5A1074A-D75E-464C-A691-DA3530011ED4}.Debug|Any CPU.Build.0 = Debug|Any CPU
		{D5A1074A-D75E-464C-A691-DA3530011ED4}.Release|Any CPU.ActiveCfg = Release|Any CPU
		{D5A1074A-D75E-464C-A691-DA3530011ED4}.Release|Any CPU.Build.0 = Release|Any CPU
		{1064C8A7-FC37-4312-A60F-C2B2F92F1849}.Debug|Any CPU.ActiveCfg = Debug|Any CPU
		{1064C8A7-FC37-4312-A60F-C2B2F92F1849}.Debug|Any CPU.Build.0 = Debug|Any CPU
		{1064C8A7-FC37-4312-A60F-C2B2F92F1849}.Release|Any CPU.ActiveCfg = Release|Any CPU
		{1064C8A7-FC37-4312-A60F-C2B2F92F1849}.Release|Any CPU.Build.0 = Release|Any CPU
		{C9D12324-E789-4A65-B2C1-DFF6BE136992}.Debug|Any CPU.ActiveCfg = Debug|Any CPU
		{C9D12324-E789-4A65-B2C1-DFF6BE136992}.Debug|Any CPU.Build.0 = Debug|Any CPU
		{C9D12324-E789-4A65-B2C1-DFF6BE136992}.Release|Any CPU.ActiveCfg = Release|Any CPU
		{C9D12324-E789-4A65-B2C1-DFF6BE136992}.Release|Any CPU.Build.0 = Release|Any CPU
		{09B16748-7173-4C75-83A8-EF3C65300A05}.Debug|Any CPU.ActiveCfg = Debug|Any CPU
		{09B16748-7173-4C75-83A8-EF3C65300A05}.Debug|Any CPU.Build.0 = Debug|Any CPU
		{09B16748-7173-4C75-83A8-EF3C65300A05}.Release|Any CPU.ActiveCfg = Release|Any CPU
		{09B16748-7173-4C75-83A8-EF3C65300A05}.Release|Any CPU.Build.0 = Release|Any CPU
		{6E2BFFB8-43EF-4670-92B9-3E20A5AB5C5C}.Debug|Any CPU.ActiveCfg = Debug|Any CPU
		{6E2BFFB8-43EF-4670-92B9-3E20A5AB5C5C}.Debug|Any CPU.Build.0 = Debug|Any CPU
		{6E2BFFB8-43EF-4670-92B9-3E20A5AB5C5C}.Release|Any CPU.ActiveCfg = Release|Any CPU
		{6E2BFFB8-43EF-4670-92B9-3E20A5AB5C5C}.Release|Any CPU.Build.0 = Release|Any CPU
		{CAFEEB10-C8B1-4971-B603-BA07EE696C34}.Debug|Any CPU.ActiveCfg = Debug|Any CPU
		{CAFEEB10-C8B1-4971-B603-BA07EE696C34}.Debug|Any CPU.Build.0 = Debug|Any CPU
		{CAFEEB10-C8B1-4971-B603-BA07EE696C34}.Release|Any CPU.ActiveCfg = Release|Any CPU
		{CAFEEB10-C8B1-4971-B603-BA07EE696C34}.Release|Any CPU.Build.0 = Release|Any CPU
		{F10C5D69-682D-415B-8D1A-CC2ABA9C1D2C}.Debug|Any CPU.ActiveCfg = Debug|Any CPU
		{F10C5D69-682D-415B-8D1A-CC2ABA9C1D2C}.Debug|Any CPU.Build.0 = Debug|Any CPU
		{F10C5D69-682D-415B-8D1A-CC2ABA9C1D2C}.Release|Any CPU.ActiveCfg = Release|Any CPU
		{F10C5D69-682D-415B-8D1A-CC2ABA9C1D2C}.Release|Any CPU.Build.0 = Release|Any CPU
		{9CAEB4A1-BE4F-4A28-8A4B-4956555C594D}.Debug|Any CPU.ActiveCfg = Debug|Any CPU
		{9CAEB4A1-BE4F-4A28-8A4B-4956555C594D}.Debug|Any CPU.Build.0 = Debug|Any CPU
		{9CAEB4A1-BE4F-4A28-8A4B-4956555C594D}.Release|Any CPU.ActiveCfg = Release|Any CPU
		{9CAEB4A1-BE4F-4A28-8A4B-4956555C594D}.Release|Any CPU.Build.0 = Release|Any CPU
		{9CFC2566-3807-44C6-89A4-B6339B10804E}.Debug|Any CPU.ActiveCfg = Debug|Any CPU
		{9CFC2566-3807-44C6-89A4-B6339B10804E}.Debug|Any CPU.Build.0 = Debug|Any CPU
		{9CFC2566-3807-44C6-89A4-B6339B10804E}.Release|Any CPU.ActiveCfg = Release|Any CPU
		{9CFC2566-3807-44C6-89A4-B6339B10804E}.Release|Any CPU.Build.0 = Release|Any CPU
		{01A270BA-70D1-4C45-929D-7F823F7A938C}.Debug|Any CPU.ActiveCfg = Debug|Any CPU
		{01A270BA-70D1-4C45-929D-7F823F7A938C}.Debug|Any CPU.Build.0 = Debug|Any CPU
		{01A270BA-70D1-4C45-929D-7F823F7A938C}.Release|Any CPU.ActiveCfg = Release|Any CPU
		{01A270BA-70D1-4C45-929D-7F823F7A938C}.Release|Any CPU.Build.0 = Release|Any CPU
		{D7F17810-8207-49D5-8471-34F297736941}.Debug|Any CPU.ActiveCfg = Debug|Any CPU
		{D7F17810-8207-49D5-8471-34F297736941}.Debug|Any CPU.Build.0 = Debug|Any CPU
		{D7F17810-8207-49D5-8471-34F297736941}.Release|Any CPU.ActiveCfg = Release|Any CPU
		{D7F17810-8207-49D5-8471-34F297736941}.Release|Any CPU.Build.0 = Release|Any CPU
		{E11BFEAF-7DA7-466E-AD94-26D2D4735650}.Debug|Any CPU.ActiveCfg = Debug|Any CPU
		{E11BFEAF-7DA7-466E-AD94-26D2D4735650}.Debug|Any CPU.Build.0 = Debug|Any CPU
		{E11BFEAF-7DA7-466E-AD94-26D2D4735650}.Release|Any CPU.ActiveCfg = Release|Any CPU
		{E11BFEAF-7DA7-466E-AD94-26D2D4735650}.Release|Any CPU.Build.0 = Release|Any CPU
		{E241DBB1-02E7-44EB-8E33-B70A3CA6CB23}.Debug|Any CPU.ActiveCfg = Debug|Any CPU
		{E241DBB1-02E7-44EB-8E33-B70A3CA6CB23}.Debug|Any CPU.Build.0 = Debug|Any CPU
		{E241DBB1-02E7-44EB-8E33-B70A3CA6CB23}.Release|Any CPU.ActiveCfg = Release|Any CPU
		{E241DBB1-02E7-44EB-8E33-B70A3CA6CB23}.Release|Any CPU.Build.0 = Release|Any CPU
		{0E3AC30B-C0D1-4BB1-93B4-28269BB209A1}.Debug|Any CPU.ActiveCfg = Debug|Any CPU
		{0E3AC30B-C0D1-4BB1-93B4-28269BB209A1}.Debug|Any CPU.Build.0 = Debug|Any CPU
		{0E3AC30B-C0D1-4BB1-93B4-28269BB209A1}.Release|Any CPU.ActiveCfg = Release|Any CPU
		{0E3AC30B-C0D1-4BB1-93B4-28269BB209A1}.Release|Any CPU.Build.0 = Release|Any CPU
		{291BE8CE-D157-492E-9EFB-98048E52A3DB}.Debug|Any CPU.ActiveCfg = Debug|Any CPU
		{291BE8CE-D157-492E-9EFB-98048E52A3DB}.Debug|Any CPU.Build.0 = Debug|Any CPU
		{291BE8CE-D157-492E-9EFB-98048E52A3DB}.Release|Any CPU.ActiveCfg = Release|Any CPU
		{291BE8CE-D157-492E-9EFB-98048E52A3DB}.Release|Any CPU.Build.0 = Release|Any CPU
		{A0EA0229-2343-49A5-A9C3-6239A699004F}.Debug|Any CPU.ActiveCfg = Debug|Any CPU
		{A0EA0229-2343-49A5-A9C3-6239A699004F}.Debug|Any CPU.Build.0 = Debug|Any CPU
		{A0EA0229-2343-49A5-A9C3-6239A699004F}.Release|Any CPU.ActiveCfg = Release|Any CPU
		{A0EA0229-2343-49A5-A9C3-6239A699004F}.Release|Any CPU.Build.0 = Release|Any CPU
	EndGlobalSection
	GlobalSection(SolutionProperties) = preSolution
		HideSolutionNode = FALSE
	EndGlobalSection
	GlobalSection(NestedProjects) = preSolution
		{31BFDED6-5439-4D9A-ABBA-882C07DE7024} = {F865B8FC-9BE7-4251-B8D7-519F85EF20B2}
		{FBCEBF87-F083-442E-B60E-2B7FFBECF54B} = {31BFDED6-5439-4D9A-ABBA-882C07DE7024}
		{62791559-5D8D-4EE2-8AFE-10F32263A700} = {31BFDED6-5439-4D9A-ABBA-882C07DE7024}
		{4A61C75C-5BA3-42B5-BEF1-2CBEE47A10C2} = {31BFDED6-5439-4D9A-ABBA-882C07DE7024}
		{ACDB5A75-5DFD-420E-B5DC-65727D0250C7} = {31BFDED6-5439-4D9A-ABBA-882C07DE7024}
		{AA396903-B749-4397-AABA-888A2C28D0C0} = {31BFDED6-5439-4D9A-ABBA-882C07DE7024}
		{11C2071F-B6FD-4E7C-8CCD-5D5A2F56399D} = {31BFDED6-5439-4D9A-ABBA-882C07DE7024}
		{22DAE8E6-9934-4E49-A83B-98E51CC8F46F} = {31BFDED6-5439-4D9A-ABBA-882C07DE7024}
		{6780A88C-D61F-4C20-8899-C294298196E6} = {31BFDED6-5439-4D9A-ABBA-882C07DE7024}
		{7D189F02-6CF1-4E44-975A-11E882669C13} = {31BFDED6-5439-4D9A-ABBA-882C07DE7024}
		{5BD35C5F-F6C4-4AB7-AF24-893821832A06} = {31BFDED6-5439-4D9A-ABBA-882C07DE7024}
		{1F876AD8-A6A0-4802-962A-7D0153231872} = {31BFDED6-5439-4D9A-ABBA-882C07DE7024}
		{4D9DF658-791D-4DB8-AA66-16D3018E2C08} = {31BFDED6-5439-4D9A-ABBA-882C07DE7024}
		{6ACF6C01-013E-4D23-B6C8-98A9F88BEF69} = {31BFDED6-5439-4D9A-ABBA-882C07DE7024}
		{861A72CB-FA97-46DC-BCA7-2F78B7E1B013} = {31BFDED6-5439-4D9A-ABBA-882C07DE7024}
		{BB80CF95-26CA-4F2C-9C16-CE4E799A32F6} = {31BFDED6-5439-4D9A-ABBA-882C07DE7024}
		{E71B11EA-8D38-40BB-A44C-E2CEA795B7E8} = {31BFDED6-5439-4D9A-ABBA-882C07DE7024}
		{D1D08A7C-5D0F-4F26-837D-DE78AD5333CA} = {31BFDED6-5439-4D9A-ABBA-882C07DE7024}
		{BB354D15-2597-4965-B28A-BAA028C39828} = {31BFDED6-5439-4D9A-ABBA-882C07DE7024}
		{451B13E9-4996-4493-82C0-BCE2AA275E43} = {F865B8FC-9BE7-4251-B8D7-519F85EF20B2}
		{AFA9CF2F-B53E-47B6-B4A5-92B05CC16013} = {451B13E9-4996-4493-82C0-BCE2AA275E43}
		{D207ACCE-531D-4EDC-AB0E-2604D35C8FA3} = {451B13E9-4996-4493-82C0-BCE2AA275E43}
		{32A88CA9-0C39-4986-AC22-E3B569317A30} = {31BFDED6-5439-4D9A-ABBA-882C07DE7024}
		{2EBB1D52-CC2D-4DE3-B9C6-6AA71FF2B93C} = {31BFDED6-5439-4D9A-ABBA-882C07DE7024}
		{97A2F0B3-7918-4D01-8EE9-AD35E7DDD456} = {31BFDED6-5439-4D9A-ABBA-882C07DE7024}
		{B64363C6-D3A6-43FF-85C0-9D6BBFD3AE25} = {8F4DD793-A915-480F-B1C5-F24562389C24}
		{D3289479-B493-46C2-92D3-C496016F28B2} = {B64363C6-D3A6-43FF-85C0-9D6BBFD3AE25}
		{B1470FE0-2268-40F8-ACE7-68CF9FE84AC1} = {D3289479-B493-46C2-92D3-C496016F28B2}
		{48B16554-F38D-4B43-8BE3-552A1B93A945} = {D3289479-B493-46C2-92D3-C496016F28B2}
		{D1B0B867-74E2-4F5D-8DCC-64B77564706C} = {D3289479-B493-46C2-92D3-C496016F28B2}
		{38F11F8E-B4B2-464C-94D6-9E5EF792D619} = {8F4DD793-A915-480F-B1C5-F24562389C24}
		{765CC964-AD37-4BBC-9676-7C5A0DB3E742} = {8F4DD793-A915-480F-B1C5-F24562389C24}
		{9BBAFE09-5016-4AF1-BA49-6EF46BDCF77A} = {765CC964-AD37-4BBC-9676-7C5A0DB3E742}
		{238A4AD4-E78A-46B9-822E-78B71A2D9150} = {38F11F8E-B4B2-464C-94D6-9E5EF792D619}
		{61A5A8E0-9E42-412D-96D4-9C4353BA03B5} = {238A4AD4-E78A-46B9-822E-78B71A2D9150}
		{DFC29578-4213-4AC3-BDE5-E590A8DAFDE7} = {238A4AD4-E78A-46B9-822E-78B71A2D9150}
		{4774F77A-3AD2-4FB2-B144-B20292710892} = {238A4AD4-E78A-46B9-822E-78B71A2D9150}
		{8D2D5378-DF29-47FB-B30B-D79A5A9CA826} = {9BBAFE09-5016-4AF1-BA49-6EF46BDCF77A}
		{2C36BC1D-53E5-4C6D-A651-E0B3BDEC62A6} = {9BBAFE09-5016-4AF1-BA49-6EF46BDCF77A}
		{3BAD587F-6541-4DFD-8AAD-20120F75CF92} = {9BBAFE09-5016-4AF1-BA49-6EF46BDCF77A}
		{587055AE-0FDC-435F-9872-66CEE6146214} = {62C5B786-B72F-4815-AF3E-B1E15E1FCCEC}
		{5BEBD3B1-8B94-49C3-8671-2DBC742D06D4} = {62C5B786-B72F-4815-AF3E-B1E15E1FCCEC}
		{24C303B8-39D4-4266-BF87-F0450C75C503} = {62C5B786-B72F-4815-AF3E-B1E15E1FCCEC}
		{475E86B9-64EB-4354-A88D-A98FACDF0A77} = {62C5B786-B72F-4815-AF3E-B1E15E1FCCEC}
		{2CB442EC-D509-4645-8765-16ECFED0DB0C} = {D3289479-B493-46C2-92D3-C496016F28B2}
		{F97C91B8-9AE4-446E-816B-18B583C57239} = {31BFDED6-5439-4D9A-ABBA-882C07DE7024}
		{257670E8-C6DB-4D25-BFE3-C5BC1D096F29} = {31BFDED6-5439-4D9A-ABBA-882C07DE7024}
		{12E29FD1-2409-4014-B139-5C7A387EE4D5} = {238A4AD4-E78A-46B9-822E-78B71A2D9150}
		{91E63F8C-5E54-47AB-8838-07CC2BB66E3A} = {8F4DD793-A915-480F-B1C5-F24562389C24}
		{36A348FA-61C3-401B-9FEF-836DEEFEA5C1} = {91E63F8C-5E54-47AB-8838-07CC2BB66E3A}
		{264069A2-32F8-4AE8-9055-32720FB45744} = {36A348FA-61C3-401B-9FEF-836DEEFEA5C1}
		{DEA83482-9881-4791-9294-229DF0687957} = {58A58BEF-A085-4BB1-9BBB-3479C2869166}
		{5C45F9E4-82FD-48E3-8B76-4ED7AD35F2A8} = {31BFDED6-5439-4D9A-ABBA-882C07DE7024}
		{188731F8-26A0-4E50-ADBB-BA721345E2BB} = {451B13E9-4996-4493-82C0-BCE2AA275E43}
		{D6E0CB5E-1859-425F-9133-7D788A045E9E} = {31BFDED6-5439-4D9A-ABBA-882C07DE7024}
		{BC9023D9-EAB9-4A19-803F-94CA6793C34D} = {451B13E9-4996-4493-82C0-BCE2AA275E43}
		{95013E37-734E-4084-885B-EECA9AEC738A} = {31BFDED6-5439-4D9A-ABBA-882C07DE7024}
		{360F947E-2EC6-4D18-B5D7-6935A3CDB43F} = {451B13E9-4996-4493-82C0-BCE2AA275E43}
		{7D620503-52E0-4490-B118-3446F93A5EF4} = {31BFDED6-5439-4D9A-ABBA-882C07DE7024}
		{A743E50A-10E8-47D6-8D48-FE135FAA98A9} = {238A4AD4-E78A-46B9-822E-78B71A2D9150}
		{A9491C0A-9D34-4906-9776-B9831FED641E} = {31BFDED6-5439-4D9A-ABBA-882C07DE7024}
		{C8DA873D-9275-4C5C-A8ED-C2F7B96B158C} = {58A58BEF-A085-4BB1-9BBB-3479C2869166}
		{0653F691-888E-418C-BB23-C21FC85E9823} = {31BFDED6-5439-4D9A-ABBA-882C07DE7024}
		{895FC7A6-C242-4526-A521-18471BDEA921} = {31BFDED6-5439-4D9A-ABBA-882C07DE7024}
		{349A1D5B-5F6F-47E2-B30F-E4ABE2CD9ADB} = {31BFDED6-5439-4D9A-ABBA-882C07DE7024}
		{248ACF6A-4E6F-42A6-AC10-045A1BAD1D59} = {31BFDED6-5439-4D9A-ABBA-882C07DE7024}
		{4456F691-CDFF-467C-A31B-C939D0FAD657} = {31BFDED6-5439-4D9A-ABBA-882C07DE7024}
		{5DB1481B-DD7E-4CF1-8A96-D182541C9D7A} = {8F4DD793-A915-480F-B1C5-F24562389C24}
		{49B6EFE3-53B4-47B4-8AAB-DE35177DCBE6} = {5DB1481B-DD7E-4CF1-8A96-D182541C9D7A}
		{D5A1074A-D75E-464C-A691-DA3530011ED4} = {49B6EFE3-53B4-47B4-8AAB-DE35177DCBE6}
		{1064C8A7-FC37-4312-A60F-C2B2F92F1849} = {49B6EFE3-53B4-47B4-8AAB-DE35177DCBE6}
		{C9D12324-E789-4A65-B2C1-DFF6BE136992} = {49B6EFE3-53B4-47B4-8AAB-DE35177DCBE6}
		{09B16748-7173-4C75-83A8-EF3C65300A05} = {49B6EFE3-53B4-47B4-8AAB-DE35177DCBE6}
		{BE1AC625-A59C-4B34-ADD6-276B5C1F4F69} = {F40E076D-62FF-4D5A-825C-3DCC68A5B7C6}
		{6E2BFFB8-43EF-4670-92B9-3E20A5AB5C5C} = {BE1AC625-A59C-4B34-ADD6-276B5C1F4F69}
		{CAFEEB10-C8B1-4971-B603-BA07EE696C34} = {BE1AC625-A59C-4B34-ADD6-276B5C1F4F69}
		{F10C5D69-682D-415B-8D1A-CC2ABA9C1D2C} = {BE1AC625-A59C-4B34-ADD6-276B5C1F4F69}
		{9CAEB4A1-BE4F-4A28-8A4B-4956555C594D} = {BE1AC625-A59C-4B34-ADD6-276B5C1F4F69}
		{9CFC2566-3807-44C6-89A4-B6339B10804E} = {BE1AC625-A59C-4B34-ADD6-276B5C1F4F69}
		{8A3FA2B5-3030-4CAB-B515-AD1005B0BC27} = {BE1AC625-A59C-4B34-ADD6-276B5C1F4F69}
		{D5B0A206-D64F-436C-847F-DCB6812F2E13} = {8A3FA2B5-3030-4CAB-B515-AD1005B0BC27}
		{01A270BA-70D1-4C45-929D-7F823F7A938C} = {D5B0A206-D64F-436C-847F-DCB6812F2E13}
		{D7F17810-8207-49D5-8471-34F297736941} = {D5B0A206-D64F-436C-847F-DCB6812F2E13}
		{E11BFEAF-7DA7-466E-AD94-26D2D4735650} = {31BFDED6-5439-4D9A-ABBA-882C07DE7024}
		{7ACD49E3-AB6E-4D47-B792-7CDFD8387C42} = {8A3FA2B5-3030-4CAB-B515-AD1005B0BC27}
		{E241DBB1-02E7-44EB-8E33-B70A3CA6CB23} = {7ACD49E3-AB6E-4D47-B792-7CDFD8387C42}
		{0E3AC30B-C0D1-4BB1-93B4-28269BB209A1} = {7ACD49E3-AB6E-4D47-B792-7CDFD8387C42}
		{291BE8CE-D157-492E-9EFB-98048E52A3DB} = {451B13E9-4996-4493-82C0-BCE2AA275E43}
		{A0EA0229-2343-49A5-A9C3-6239A699004F} = {58A58BEF-A085-4BB1-9BBB-3479C2869166}
	EndGlobalSection
	GlobalSection(ExtensibilityGlobals) = postSolution
		SolutionGuid = {CACE9943-7714-471F-BCCD-CC6CA1DA43C5}
	EndGlobalSection
EndGlobal
