
Microsoft Visual Studio Solution File, Format Version 12.00
# Visual Studio Version 17
VisualStudioVersion = 17.10.35027.167
MinimumVisualStudioVersion = 10.0.40219.1
Project("{2150E333-8FDC-42A3-9474-1A3956D46DE8}") = "Framework", "Framework", "{F865B8FC-9BE7-4251-B8D7-519F85EF20B2}"
EndProject
Project("{2150E333-8FDC-42A3-9474-1A3956D46DE8}") = "Tests", "Tests", "{32FA45AB-A310-483C-8D23-9E2D1CE9F218}"
EndProject
Project("{9A19103F-16F7-4668-BE54-9A1E7A4F7556}") = "Bonyan", "Framework\Bonyan\Bonyan.csproj", "{FBCEBF87-F083-442E-B60E-2B7FFBECF54B}"
EndProject
Project("{9A19103F-16F7-4668-BE54-9A1E7A4F7556}") = "Bonyan.Layer.Domain", "Framework\Bonyan.Layer.Domain\Bonyan.Layer.Domain.csproj", "{5BD35C5F-F6C4-4AB7-AF24-893821832A06}"
EndProject
Project("{9A19103F-16F7-4668-BE54-9A1E7A4F7556}") = "Bonyan.Layer.Application", "Framework\Bonyan.Layer.Application\Bonyan.Layer.Application.csproj", "{7D189F02-6CF1-4E44-975A-11E882669C13}"
EndProject
Project("{FAE04EC0-301F-11D3-BF4B-00C04F79EFBC}") = "Bonyan.Tests", "Bonyan.Tests\Bonyan.Tests.csproj", "{AFA9CF2F-B53E-47B6-B4A5-92B05CC16013}"
EndProject
Project("{2150E333-8FDC-42A3-9474-1A3956D46DE8}") = "Templates", "Templates", "{034A5C05-CB06-41AC-AE54-EE94F66019FC}"
EndProject
Project("{FAE04EC0-301F-11D3-BF4B-00C04F79EFBC}") = "Bonyan.AspNetCore", "Framework\Bonyan.AspNetCore\Bonyan.AspNetCore.csproj", "{62791559-5D8D-4EE2-8AFE-10F32263A700}"
EndProject
Project("{FAE04EC0-301F-11D3-BF4B-00C04F79EFBC}") = "Bonyan.EntityFrameworkCore", "Framework\Bonyan.EntityFrameworkCore\Bonyan.EntityFrameworkCore.csproj", "{11C2071F-B6FD-4E7C-8CCD-5D5A2F56399D}"
EndProject
Project("{FAE04EC0-301F-11D3-BF4B-00C04F79EFBC}") = "BonyanTemplate.Domain", "Templates\BonyanTemplate.Domain\BonyanTemplate.Domain.csproj", "{F2FAB962-5339-450E-8070-868FB5F7B5E7}"
EndProject
Project("{FAE04EC0-301F-11D3-BF4B-00C04F79EFBC}") = "BonyanTemplate.Application", "Templates\BonyanTemplate.Application\BonyanTemplate.Application.csproj", "{2325B157-CC0D-4B04-BD5A-5E995B4D380A}"
EndProject
Project("{FAE04EC0-301F-11D3-BF4B-00C04F79EFBC}") = "BonyanTemplate.Infrastructure", "Templates\BonyanTemplate.Infrastructure\BonyanTemplate.Infrastructure.csproj", "{9361F796-6B25-4DB4-98CF-C536716BA27B}"
EndProject
Project("{FAE04EC0-301F-11D3-BF4B-00C04F79EFBC}") = "Bonyan.EntityFrameworkCore.SqlServer", "Framework\Bonyan.EntityFrameworkCore.SqlServer\Bonyan.EntityFrameworkCore.SqlServer.csproj", "{6780A88C-D61F-4C20-8899-C294298196E6}"
EndProject
Project("{FAE04EC0-301F-11D3-BF4B-00C04F79EFBC}") = "Bonyan.EntityFrameworkCore.Sqlite", "Framework\Bonyan.EntityFrameworkCore.Sqlite\Bonyan.EntityFrameworkCore.Sqlite.csproj", "{22DAE8E6-9934-4E49-A83B-98E51CC8F46F}"
EndProject
Project("{FAE04EC0-301F-11D3-BF4B-00C04F79EFBC}") = "Bonyan.Worker.Abstraction", "Framework\Bonyan.Worker.Abstraction\Bonyan.Worker.Abstraction.csproj", "{97A2F0B3-7918-4D01-8EE9-AD35E7DDD456}"
EndProject
Project("{FAE04EC0-301F-11D3-BF4B-00C04F79EFBC}") = "Bonyan.Workers.Hangfire", "Framework\Bonyan.Workers.Hangfire\Bonyan.Workers.Hangfire.csproj", "{BB354D15-2597-4965-B28A-BAA028C39828}"
EndProject
Project("{FAE04EC0-301F-11D3-BF4B-00C04F79EFBC}") = "Bonyan.AutoMapper", "Framework\Bonyan.AutoMapper\Bonyan.AutoMapper.csproj", "{AA396903-B749-4397-AABA-888A2C28D0C0}"
EndProject
Project("{FAE04EC0-301F-11D3-BF4B-00C04F79EFBC}") = "Bonyan.MultiTenant", "Framework\Bonyan.MultiTenant\Bonyan.MultiTenant.csproj", "{6ACF6C01-013E-4D23-B6C8-98A9F88BEF69}"
EndProject
Project("{FAE04EC0-301F-11D3-BF4B-00C04F79EFBC}") = "Bonyan.AspNetCore.MultiTenant", "Framework\Bonyan.AspNetCore.MultiTenant\Bonyan.AspNetCore.MultiTenant.csproj", "{ACDB5A75-5DFD-420E-B5DC-65727D0250C7}"
EndProject
Project("{FAE04EC0-301F-11D3-BF4B-00C04F79EFBC}") = "Bonyan.Security", "Framework\Bonyan.Security\Bonyan.Security.csproj", "{861A72CB-FA97-46DC-BCA7-2F78B7E1B013}"
EndProject
Project("{2150E333-8FDC-42A3-9474-1A3956D46DE8}") = "Modules", "Modules", "{CAC9F2FC-7BFD-457E-B17C-E9A90BD941EF}"
	ProjectSection(SolutionItems) = preProject
		Modules\Bonyan.TenantManagement.Web\obj\Debug\net8.0\.NETCoreApp,Version = v8.0.AssemblyAttributes.cs = Modules\Bonyan.TenantManagement.Web\obj\Debug\net8.0\.NETCoreApp,Version=v8.0.AssemblyAttributes.cs
	EndProjectSection
EndProject
Project("{2150E333-8FDC-42A3-9474-1A3956D46DE8}") = "TenantMangment", "TenantMangment", "{73E98A46-A1E6-49D9-B432-F9121B8365D3}"
EndProject
Project("{FAE04EC0-301F-11D3-BF4B-00C04F79EFBC}") = "Bonyan.TenantManagement.Domain", "Modules\Bonyan.TenantManagement.Domain\Bonyan.TenantManagement.Domain.csproj", "{CFBEC796-6C68-4CC3-BBBC-8279FF43F73B}"
EndProject
Project("{FAE04EC0-301F-11D3-BF4B-00C04F79EFBC}") = "Bonyan.TenantManagement.EntityFrameworkCore", "Modules\Bonyan.TenantManagement.EntityFrameworkCore\Bonyan.TenantManagement.EntityFrameworkCore.csproj", "{593EDDD0-08C2-454C-88D5-A734EFA46B46}"
EndProject
Project("{FAE04EC0-301F-11D3-BF4B-00C04F79EFBC}") = "Bonyan.TenantManagement.Application", "Modules\Bonyan.TenantManagement.Application\Bonyan.TenantManagement.Application.csproj", "{4D86AACB-E786-4A64-8BC8-E199DEC3B5C5}"
EndProject
Project("{FAE04EC0-301F-11D3-BF4B-00C04F79EFBC}") = "Bonyan.UnitOfWork", "Framework\Bonyan.UnitOfWork\Bonyan.UnitOfWork.csproj", "{BB80CF95-26CA-4F2C-9C16-CE4E799A32F6}"
EndProject
Project("{FAE04EC0-301F-11D3-BF4B-00C04F79EFBC}") = "Bonyan.Validation", "Framework\Bonyan.Validation\Bonyan.Validation.csproj", "{E71B11EA-8D38-40BB-A44C-E2CEA795B7E8}"
EndProject
Project("{FAE04EC0-301F-11D3-BF4B-00C04F79EFBC}") = "Bonyan.TenantManagement.Web", "Modules\Bonyan.TenantManagement.Web\Bonyan.TenantManagement.Web.csproj", "{CAFB8C25-1062-4A94-B7B4-70B23557A3FB}"
EndProject
Project("{2150E333-8FDC-42A3-9474-1A3956D46DE8}") = "UserManagement", "UserManagement", "{CF8ED4A9-3DE4-498C-9EB7-ECEB4B43B302}"
EndProject
Project("{FAE04EC0-301F-11D3-BF4B-00C04F79EFBC}") = "Bonyan.UserManagement.Application", "Modules\Bonyan.UserManagement.Application\Bonyan.UserManagement.Application.csproj", "{74D1C677-54C6-41BB-B326-3F6CD3B36203}"
EndProject
Project("{FAE04EC0-301F-11D3-BF4B-00C04F79EFBC}") = "Bonyan.UserManagement.Domain", "Modules\Bonyan.UserManagement.Domain\Bonyan.UserManagement.Domain.csproj", "{EE61B956-5D3C-4258-8145-4BAF245F5919}"
EndProject
Project("{FAE04EC0-301F-11D3-BF4B-00C04F79EFBC}") = "Bonyan.UserManagement.EntityFrameworkCore", "Modules\Bonyan.UserManagement.EntityFrameworkCore\Bonyan.UserManagement.EntityFrameworkCore.csproj", "{ABF4BDC7-CAE8-41A4-810A-318DA5ACF44D}"
EndProject
Project("{FAE04EC0-301F-11D3-BF4B-00C04F79EFBC}") = "Bonyan.UserManagement.Web", "Modules\Bonyan.UserManagement.Web\Bonyan.UserManagement.Web.csproj", "{A9281BB4-C60D-4683-8854-249DA1177370}"
EndProject
Project("{2150E333-8FDC-42A3-9474-1A3956D46DE8}") = "IdentityManagement", "IdentityManagement", "{BAF6671B-549F-4BE2-B269-0D5A852A48C0}"
EndProject
Project("{FAE04EC0-301F-11D3-BF4B-00C04F79EFBC}") = "Bonyan.IdentityManagement.Domain", "Modules\Bonyan.IdentityManagement.Domain\Bonyan.IdentityManagement.Domain.csproj", "{131C70ED-D809-4FB1-8844-DEBD3DD57236}"
EndProject
Project("{FAE04EC0-301F-11D3-BF4B-00C04F79EFBC}") = "Bonyan.IdentityManagement.EntityFrameworkCore", "Modules\Bonyan.IdentityManagement.EntityFrameworkCore\Bonyan.IdentityManagement.EntityFrameworkCore.csproj", "{8FE0B354-1D49-4BAB-AC34-3229306B6E53}"
EndProject
Project("{FAE04EC0-301F-11D3-BF4B-00C04F79EFBC}") = "Bonyan.IdentityManagement.Web", "Modules\Bonyan.IdentityManagement.Web\Bonyan.IdentityManagement.Web.csproj", "{B05D2CED-66E9-40ED-BFA8-CD9BDC0DB0E7}"
EndProject
Project("{FAE04EC0-301F-11D3-BF4B-00C04F79EFBC}") = "Bonyan.AspNetCore.Components", "Framework\Bonyan.AspNetCore.Components\Bonyan.AspNetCore.Components.csproj", "{4A61C75C-5BA3-42B5-BEF1-2CBEE47A10C2}"
EndProject
Project("{FAE04EC0-301F-11D3-BF4B-00C04F79EFBC}") = "BonyanTemplate.Blazor", "Templates\BonyanTemplate.Blazor\BonyanTemplate.Blazor.csproj", "{E0120510-A264-442D-BCF4-9F3B370B422C}"
EndProject
Project("{FAE04EC0-301F-11D3-BF4B-00C04F79EFBC}") = "Bonyan.AdminLte.Blazor.IdentityManagement", "Modules\Bonyan.AdminLte.Blazor.IdentityManagement\Bonyan.AdminLte.Blazor.IdentityManagement.csproj", "{052C1A01-A373-4698-86B2-73BF582E607F}"
EndProject
Project("{FAE04EC0-301F-11D3-BF4B-00C04F79EFBC}") = "Bonyan.IdentityManagement.Application", "Modules\Bonyan.IdentityManagement.Application\Bonyan.IdentityManagement.Application.csproj", "{0D30A713-DA10-46CE-B46E-1F5305311D83}"
EndProject
Project("{2150E333-8FDC-42A3-9474-1A3956D46DE8}") = "AdminLte", "AdminLte", "{3064E5F8-CE48-49CD-AB77-89C75DAECA4F}"
EndProject
Project("{FAE04EC0-301F-11D3-BF4B-00C04F79EFBC}") = "Bonyan.AdminLte.Blazor", "Modules\Bonyan.AdminLte.Blazor\Bonyan.AdminLte.Blazor.csproj", "{D6CE636F-07BB-48A3-9D72-3FEF35F4FD99}"
EndProject
Project("{2150E333-8FDC-42A3-9474-1A3956D46DE8}") = "Blazimum", "Blazimum", "{9C0D3C70-6F9E-4A8C-9A63-DC522502EECF}"
EndProject
Project("{FAE04EC0-301F-11D3-BF4B-00C04F79EFBC}") = "Bonyan.Ui.Blazimum", "Modules\Bonyan.Ui.Blazimum\Bonyan.Ui.Blazimum.csproj", "{B837B8B7-46D7-4432-B9AE-2D4BA0050A5F}"
EndProject
Project("{FAE04EC0-301F-11D3-BF4B-00C04F79EFBC}") = "Bonyan.Layer.Application.Abstractions", "Framework\Bonyan.Layer.Application.Abstractions\Bonyan.Layer.Application.Abstractions.csproj", "{32A88CA9-0C39-4986-AC22-E3B569317A30}"
EndProject
Project("{FAE04EC0-301F-11D3-BF4B-00C04F79EFBC}") = "Bonyan.Layer.Domain.Abstractions", "Framework\Bonyan.Layer.Domain.Abstractions\Bonyan.Layer.Domain.Abstractions.csproj", "{2EBB1D52-CC2D-4DE3-B9C6-6AA71FF2B93C}"
EndProject
Project("{2150E333-8FDC-42A3-9474-1A3956D46DE8}") = "Abstractions", "Abstractions", "{B99B749A-53D0-4D38-916F-D70295BDB556}"
EndProject
Project("{FAE04EC0-301F-11D3-BF4B-00C04F79EFBC}") = "Bonyan.Messaging", "Framework\Bonyan.Messaging\Bonyan.Messaging.csproj", "{1F876AD8-A6A0-4802-962A-7D0153231872}"
EndProject
Project("{FAE04EC0-301F-11D3-BF4B-00C04F79EFBC}") = "Bonyan.Messaging.Abstractions", "Framework\Bonyan.Messaging.Abstractions\Bonyan.Messaging.Abstractions.csproj", "{1E308516-CD0C-478D-B964-BFE11EFFADF3}"
EndProject
Project("{FAE04EC0-301F-11D3-BF4B-00C04F79EFBC}") = "Bonyan.Messaging.RabbitMQ", "Framework\Bonyan.Messaging.RabbitMQ\Bonyan.Messaging.RabbitMQ.csproj", "{4D9DF658-791D-4DB8-AA66-16D3018E2C08}"
EndProject
Project("{FAE04EC0-301F-11D3-BF4B-00C04F79EFBC}") = "Bonyan.Worker", "Framework\Bonyan.Worker\Bonyan.Worker.csproj", "{D1D08A7C-5D0F-4F26-837D-DE78AD5333CA}"
EndProject
Global
	GlobalSection(SolutionConfigurationPlatforms) = preSolution
		Debug|Any CPU = Debug|Any CPU
		Release|Any CPU = Release|Any CPU
	EndGlobalSection
	GlobalSection(ProjectConfigurationPlatforms) = postSolution
		{FBCEBF87-F083-442E-B60E-2B7FFBECF54B}.Debug|Any CPU.ActiveCfg = Debug|Any CPU
		{FBCEBF87-F083-442E-B60E-2B7FFBECF54B}.Debug|Any CPU.Build.0 = Debug|Any CPU
		{FBCEBF87-F083-442E-B60E-2B7FFBECF54B}.Release|Any CPU.ActiveCfg = Release|Any CPU
		{FBCEBF87-F083-442E-B60E-2B7FFBECF54B}.Release|Any CPU.Build.0 = Release|Any CPU
		{5BD35C5F-F6C4-4AB7-AF24-893821832A06}.Debug|Any CPU.ActiveCfg = Debug|Any CPU
		{5BD35C5F-F6C4-4AB7-AF24-893821832A06}.Debug|Any CPU.Build.0 = Debug|Any CPU
		{5BD35C5F-F6C4-4AB7-AF24-893821832A06}.Release|Any CPU.ActiveCfg = Release|Any CPU
		{5BD35C5F-F6C4-4AB7-AF24-893821832A06}.Release|Any CPU.Build.0 = Release|Any CPU
		{7D189F02-6CF1-4E44-975A-11E882669C13}.Debug|Any CPU.ActiveCfg = Debug|Any CPU
		{7D189F02-6CF1-4E44-975A-11E882669C13}.Debug|Any CPU.Build.0 = Debug|Any CPU
		{7D189F02-6CF1-4E44-975A-11E882669C13}.Release|Any CPU.ActiveCfg = Release|Any CPU
		{7D189F02-6CF1-4E44-975A-11E882669C13}.Release|Any CPU.Build.0 = Release|Any CPU
		{AFA9CF2F-B53E-47B6-B4A5-92B05CC16013}.Debug|Any CPU.ActiveCfg = Debug|Any CPU
		{AFA9CF2F-B53E-47B6-B4A5-92B05CC16013}.Debug|Any CPU.Build.0 = Debug|Any CPU
		{AFA9CF2F-B53E-47B6-B4A5-92B05CC16013}.Release|Any CPU.ActiveCfg = Release|Any CPU
		{AFA9CF2F-B53E-47B6-B4A5-92B05CC16013}.Release|Any CPU.Build.0 = Release|Any CPU
		{62791559-5D8D-4EE2-8AFE-10F32263A700}.Debug|Any CPU.ActiveCfg = Debug|Any CPU
		{62791559-5D8D-4EE2-8AFE-10F32263A700}.Debug|Any CPU.Build.0 = Debug|Any CPU
		{62791559-5D8D-4EE2-8AFE-10F32263A700}.Release|Any CPU.ActiveCfg = Release|Any CPU
		{62791559-5D8D-4EE2-8AFE-10F32263A700}.Release|Any CPU.Build.0 = Release|Any CPU
		{11C2071F-B6FD-4E7C-8CCD-5D5A2F56399D}.Debug|Any CPU.ActiveCfg = Debug|Any CPU
		{11C2071F-B6FD-4E7C-8CCD-5D5A2F56399D}.Debug|Any CPU.Build.0 = Debug|Any CPU
		{11C2071F-B6FD-4E7C-8CCD-5D5A2F56399D}.Release|Any CPU.ActiveCfg = Release|Any CPU
		{11C2071F-B6FD-4E7C-8CCD-5D5A2F56399D}.Release|Any CPU.Build.0 = Release|Any CPU
		{F2FAB962-5339-450E-8070-868FB5F7B5E7}.Debug|Any CPU.ActiveCfg = Debug|Any CPU
		{F2FAB962-5339-450E-8070-868FB5F7B5E7}.Debug|Any CPU.Build.0 = Debug|Any CPU
		{F2FAB962-5339-450E-8070-868FB5F7B5E7}.Release|Any CPU.ActiveCfg = Release|Any CPU
		{F2FAB962-5339-450E-8070-868FB5F7B5E7}.Release|Any CPU.Build.0 = Release|Any CPU
		{2325B157-CC0D-4B04-BD5A-5E995B4D380A}.Debug|Any CPU.ActiveCfg = Debug|Any CPU
		{2325B157-CC0D-4B04-BD5A-5E995B4D380A}.Debug|Any CPU.Build.0 = Debug|Any CPU
		{2325B157-CC0D-4B04-BD5A-5E995B4D380A}.Release|Any CPU.ActiveCfg = Release|Any CPU
		{2325B157-CC0D-4B04-BD5A-5E995B4D380A}.Release|Any CPU.Build.0 = Release|Any CPU
		{9361F796-6B25-4DB4-98CF-C536716BA27B}.Debug|Any CPU.ActiveCfg = Debug|Any CPU
		{9361F796-6B25-4DB4-98CF-C536716BA27B}.Debug|Any CPU.Build.0 = Debug|Any CPU
		{9361F796-6B25-4DB4-98CF-C536716BA27B}.Release|Any CPU.ActiveCfg = Release|Any CPU
		{9361F796-6B25-4DB4-98CF-C536716BA27B}.Release|Any CPU.Build.0 = Release|Any CPU
		{6780A88C-D61F-4C20-8899-C294298196E6}.Debug|Any CPU.ActiveCfg = Debug|Any CPU
		{6780A88C-D61F-4C20-8899-C294298196E6}.Debug|Any CPU.Build.0 = Debug|Any CPU
		{6780A88C-D61F-4C20-8899-C294298196E6}.Release|Any CPU.ActiveCfg = Release|Any CPU
		{6780A88C-D61F-4C20-8899-C294298196E6}.Release|Any CPU.Build.0 = Release|Any CPU
		{22DAE8E6-9934-4E49-A83B-98E51CC8F46F}.Debug|Any CPU.ActiveCfg = Debug|Any CPU
		{22DAE8E6-9934-4E49-A83B-98E51CC8F46F}.Debug|Any CPU.Build.0 = Debug|Any CPU
		{22DAE8E6-9934-4E49-A83B-98E51CC8F46F}.Release|Any CPU.ActiveCfg = Release|Any CPU
		{22DAE8E6-9934-4E49-A83B-98E51CC8F46F}.Release|Any CPU.Build.0 = Release|Any CPU
		{97A2F0B3-7918-4D01-8EE9-AD35E7DDD456}.Debug|Any CPU.ActiveCfg = Debug|Any CPU
		{97A2F0B3-7918-4D01-8EE9-AD35E7DDD456}.Debug|Any CPU.Build.0 = Debug|Any CPU
		{97A2F0B3-7918-4D01-8EE9-AD35E7DDD456}.Release|Any CPU.ActiveCfg = Release|Any CPU
		{97A2F0B3-7918-4D01-8EE9-AD35E7DDD456}.Release|Any CPU.Build.0 = Release|Any CPU
		{BB354D15-2597-4965-B28A-BAA028C39828}.Debug|Any CPU.ActiveCfg = Debug|Any CPU
		{BB354D15-2597-4965-B28A-BAA028C39828}.Debug|Any CPU.Build.0 = Debug|Any CPU
		{BB354D15-2597-4965-B28A-BAA028C39828}.Release|Any CPU.ActiveCfg = Release|Any CPU
		{BB354D15-2597-4965-B28A-BAA028C39828}.Release|Any CPU.Build.0 = Release|Any CPU
		{AA396903-B749-4397-AABA-888A2C28D0C0}.Debug|Any CPU.ActiveCfg = Debug|Any CPU
		{AA396903-B749-4397-AABA-888A2C28D0C0}.Debug|Any CPU.Build.0 = Debug|Any CPU
		{AA396903-B749-4397-AABA-888A2C28D0C0}.Release|Any CPU.ActiveCfg = Release|Any CPU
		{AA396903-B749-4397-AABA-888A2C28D0C0}.Release|Any CPU.Build.0 = Release|Any CPU
		{6ACF6C01-013E-4D23-B6C8-98A9F88BEF69}.Debug|Any CPU.ActiveCfg = Debug|Any CPU
		{6ACF6C01-013E-4D23-B6C8-98A9F88BEF69}.Debug|Any CPU.Build.0 = Debug|Any CPU
		{6ACF6C01-013E-4D23-B6C8-98A9F88BEF69}.Release|Any CPU.ActiveCfg = Release|Any CPU
		{6ACF6C01-013E-4D23-B6C8-98A9F88BEF69}.Release|Any CPU.Build.0 = Release|Any CPU
		{ACDB5A75-5DFD-420E-B5DC-65727D0250C7}.Debug|Any CPU.ActiveCfg = Debug|Any CPU
		{ACDB5A75-5DFD-420E-B5DC-65727D0250C7}.Debug|Any CPU.Build.0 = Debug|Any CPU
		{ACDB5A75-5DFD-420E-B5DC-65727D0250C7}.Release|Any CPU.ActiveCfg = Release|Any CPU
		{ACDB5A75-5DFD-420E-B5DC-65727D0250C7}.Release|Any CPU.Build.0 = Release|Any CPU
		{861A72CB-FA97-46DC-BCA7-2F78B7E1B013}.Debug|Any CPU.ActiveCfg = Debug|Any CPU
		{861A72CB-FA97-46DC-BCA7-2F78B7E1B013}.Debug|Any CPU.Build.0 = Debug|Any CPU
		{861A72CB-FA97-46DC-BCA7-2F78B7E1B013}.Release|Any CPU.ActiveCfg = Release|Any CPU
		{861A72CB-FA97-46DC-BCA7-2F78B7E1B013}.Release|Any CPU.Build.0 = Release|Any CPU
		{CFBEC796-6C68-4CC3-BBBC-8279FF43F73B}.Debug|Any CPU.ActiveCfg = Debug|Any CPU
		{CFBEC796-6C68-4CC3-BBBC-8279FF43F73B}.Debug|Any CPU.Build.0 = Debug|Any CPU
		{CFBEC796-6C68-4CC3-BBBC-8279FF43F73B}.Release|Any CPU.ActiveCfg = Release|Any CPU
		{CFBEC796-6C68-4CC3-BBBC-8279FF43F73B}.Release|Any CPU.Build.0 = Release|Any CPU
		{593EDDD0-08C2-454C-88D5-A734EFA46B46}.Debug|Any CPU.ActiveCfg = Debug|Any CPU
		{593EDDD0-08C2-454C-88D5-A734EFA46B46}.Debug|Any CPU.Build.0 = Debug|Any CPU
		{593EDDD0-08C2-454C-88D5-A734EFA46B46}.Release|Any CPU.ActiveCfg = Release|Any CPU
		{593EDDD0-08C2-454C-88D5-A734EFA46B46}.Release|Any CPU.Build.0 = Release|Any CPU
		{4D86AACB-E786-4A64-8BC8-E199DEC3B5C5}.Debug|Any CPU.ActiveCfg = Debug|Any CPU
		{4D86AACB-E786-4A64-8BC8-E199DEC3B5C5}.Debug|Any CPU.Build.0 = Debug|Any CPU
		{4D86AACB-E786-4A64-8BC8-E199DEC3B5C5}.Release|Any CPU.ActiveCfg = Release|Any CPU
		{4D86AACB-E786-4A64-8BC8-E199DEC3B5C5}.Release|Any CPU.Build.0 = Release|Any CPU
		{BB80CF95-26CA-4F2C-9C16-CE4E799A32F6}.Debug|Any CPU.ActiveCfg = Debug|Any CPU
		{BB80CF95-26CA-4F2C-9C16-CE4E799A32F6}.Debug|Any CPU.Build.0 = Debug|Any CPU
		{BB80CF95-26CA-4F2C-9C16-CE4E799A32F6}.Release|Any CPU.ActiveCfg = Release|Any CPU
		{BB80CF95-26CA-4F2C-9C16-CE4E799A32F6}.Release|Any CPU.Build.0 = Release|Any CPU
		{E71B11EA-8D38-40BB-A44C-E2CEA795B7E8}.Debug|Any CPU.ActiveCfg = Debug|Any CPU
		{E71B11EA-8D38-40BB-A44C-E2CEA795B7E8}.Debug|Any CPU.Build.0 = Debug|Any CPU
		{E71B11EA-8D38-40BB-A44C-E2CEA795B7E8}.Release|Any CPU.ActiveCfg = Release|Any CPU
		{E71B11EA-8D38-40BB-A44C-E2CEA795B7E8}.Release|Any CPU.Build.0 = Release|Any CPU
		{CAFB8C25-1062-4A94-B7B4-70B23557A3FB}.Debug|Any CPU.ActiveCfg = Debug|Any CPU
		{CAFB8C25-1062-4A94-B7B4-70B23557A3FB}.Debug|Any CPU.Build.0 = Debug|Any CPU
		{CAFB8C25-1062-4A94-B7B4-70B23557A3FB}.Release|Any CPU.ActiveCfg = Release|Any CPU
		{CAFB8C25-1062-4A94-B7B4-70B23557A3FB}.Release|Any CPU.Build.0 = Release|Any CPU
		{74D1C677-54C6-41BB-B326-3F6CD3B36203}.Debug|Any CPU.ActiveCfg = Debug|Any CPU
		{74D1C677-54C6-41BB-B326-3F6CD3B36203}.Debug|Any CPU.Build.0 = Debug|Any CPU
		{74D1C677-54C6-41BB-B326-3F6CD3B36203}.Release|Any CPU.ActiveCfg = Release|Any CPU
		{74D1C677-54C6-41BB-B326-3F6CD3B36203}.Release|Any CPU.Build.0 = Release|Any CPU
		{EE61B956-5D3C-4258-8145-4BAF245F5919}.Debug|Any CPU.ActiveCfg = Debug|Any CPU
		{EE61B956-5D3C-4258-8145-4BAF245F5919}.Debug|Any CPU.Build.0 = Debug|Any CPU
		{EE61B956-5D3C-4258-8145-4BAF245F5919}.Release|Any CPU.ActiveCfg = Release|Any CPU
		{EE61B956-5D3C-4258-8145-4BAF245F5919}.Release|Any CPU.Build.0 = Release|Any CPU
		{ABF4BDC7-CAE8-41A4-810A-318DA5ACF44D}.Debug|Any CPU.ActiveCfg = Debug|Any CPU
		{ABF4BDC7-CAE8-41A4-810A-318DA5ACF44D}.Debug|Any CPU.Build.0 = Debug|Any CPU
		{ABF4BDC7-CAE8-41A4-810A-318DA5ACF44D}.Release|Any CPU.ActiveCfg = Release|Any CPU
		{ABF4BDC7-CAE8-41A4-810A-318DA5ACF44D}.Release|Any CPU.Build.0 = Release|Any CPU
		{A9281BB4-C60D-4683-8854-249DA1177370}.Debug|Any CPU.ActiveCfg = Debug|Any CPU
		{A9281BB4-C60D-4683-8854-249DA1177370}.Debug|Any CPU.Build.0 = Debug|Any CPU
		{A9281BB4-C60D-4683-8854-249DA1177370}.Release|Any CPU.ActiveCfg = Release|Any CPU
		{A9281BB4-C60D-4683-8854-249DA1177370}.Release|Any CPU.Build.0 = Release|Any CPU
		{131C70ED-D809-4FB1-8844-DEBD3DD57236}.Debug|Any CPU.ActiveCfg = Debug|Any CPU
		{131C70ED-D809-4FB1-8844-DEBD3DD57236}.Debug|Any CPU.Build.0 = Debug|Any CPU
		{131C70ED-D809-4FB1-8844-DEBD3DD57236}.Release|Any CPU.ActiveCfg = Release|Any CPU
		{131C70ED-D809-4FB1-8844-DEBD3DD57236}.Release|Any CPU.Build.0 = Release|Any CPU
		{8FE0B354-1D49-4BAB-AC34-3229306B6E53}.Debug|Any CPU.ActiveCfg = Debug|Any CPU
		{8FE0B354-1D49-4BAB-AC34-3229306B6E53}.Debug|Any CPU.Build.0 = Debug|Any CPU
		{8FE0B354-1D49-4BAB-AC34-3229306B6E53}.Release|Any CPU.ActiveCfg = Release|Any CPU
		{8FE0B354-1D49-4BAB-AC34-3229306B6E53}.Release|Any CPU.Build.0 = Release|Any CPU
		{B05D2CED-66E9-40ED-BFA8-CD9BDC0DB0E7}.Debug|Any CPU.ActiveCfg = Debug|Any CPU
		{B05D2CED-66E9-40ED-BFA8-CD9BDC0DB0E7}.Debug|Any CPU.Build.0 = Debug|Any CPU
		{B05D2CED-66E9-40ED-BFA8-CD9BDC0DB0E7}.Release|Any CPU.ActiveCfg = Release|Any CPU
		{B05D2CED-66E9-40ED-BFA8-CD9BDC0DB0E7}.Release|Any CPU.Build.0 = Release|Any CPU
		{4A61C75C-5BA3-42B5-BEF1-2CBEE47A10C2}.Debug|Any CPU.ActiveCfg = Debug|Any CPU
		{4A61C75C-5BA3-42B5-BEF1-2CBEE47A10C2}.Debug|Any CPU.Build.0 = Debug|Any CPU
		{4A61C75C-5BA3-42B5-BEF1-2CBEE47A10C2}.Release|Any CPU.ActiveCfg = Release|Any CPU
		{4A61C75C-5BA3-42B5-BEF1-2CBEE47A10C2}.Release|Any CPU.Build.0 = Release|Any CPU
		{E0120510-A264-442D-BCF4-9F3B370B422C}.Debug|Any CPU.ActiveCfg = Debug|Any CPU
		{E0120510-A264-442D-BCF4-9F3B370B422C}.Debug|Any CPU.Build.0 = Debug|Any CPU
		{E0120510-A264-442D-BCF4-9F3B370B422C}.Release|Any CPU.ActiveCfg = Release|Any CPU
		{E0120510-A264-442D-BCF4-9F3B370B422C}.Release|Any CPU.Build.0 = Release|Any CPU
		{052C1A01-A373-4698-86B2-73BF582E607F}.Debug|Any CPU.ActiveCfg = Debug|Any CPU
		{052C1A01-A373-4698-86B2-73BF582E607F}.Debug|Any CPU.Build.0 = Debug|Any CPU
		{052C1A01-A373-4698-86B2-73BF582E607F}.Release|Any CPU.ActiveCfg = Release|Any CPU
		{052C1A01-A373-4698-86B2-73BF582E607F}.Release|Any CPU.Build.0 = Release|Any CPU
		{0D30A713-DA10-46CE-B46E-1F5305311D83}.Debug|Any CPU.ActiveCfg = Debug|Any CPU
		{0D30A713-DA10-46CE-B46E-1F5305311D83}.Debug|Any CPU.Build.0 = Debug|Any CPU
		{0D30A713-DA10-46CE-B46E-1F5305311D83}.Release|Any CPU.ActiveCfg = Release|Any CPU
		{0D30A713-DA10-46CE-B46E-1F5305311D83}.Release|Any CPU.Build.0 = Release|Any CPU
		{D6CE636F-07BB-48A3-9D72-3FEF35F4FD99}.Debug|Any CPU.ActiveCfg = Debug|Any CPU
		{D6CE636F-07BB-48A3-9D72-3FEF35F4FD99}.Debug|Any CPU.Build.0 = Debug|Any CPU
		{D6CE636F-07BB-48A3-9D72-3FEF35F4FD99}.Release|Any CPU.ActiveCfg = Release|Any CPU
		{D6CE636F-07BB-48A3-9D72-3FEF35F4FD99}.Release|Any CPU.Build.0 = Release|Any CPU
		{B837B8B7-46D7-4432-B9AE-2D4BA0050A5F}.Debug|Any CPU.ActiveCfg = Debug|Any CPU
		{B837B8B7-46D7-4432-B9AE-2D4BA0050A5F}.Debug|Any CPU.Build.0 = Debug|Any CPU
		{B837B8B7-46D7-4432-B9AE-2D4BA0050A5F}.Release|Any CPU.ActiveCfg = Release|Any CPU
		{B837B8B7-46D7-4432-B9AE-2D4BA0050A5F}.Release|Any CPU.Build.0 = Release|Any CPU
		{32A88CA9-0C39-4986-AC22-E3B569317A30}.Debug|Any CPU.ActiveCfg = Debug|Any CPU
		{32A88CA9-0C39-4986-AC22-E3B569317A30}.Debug|Any CPU.Build.0 = Debug|Any CPU
		{32A88CA9-0C39-4986-AC22-E3B569317A30}.Release|Any CPU.ActiveCfg = Release|Any CPU
		{32A88CA9-0C39-4986-AC22-E3B569317A30}.Release|Any CPU.Build.0 = Release|Any CPU
		{2EBB1D52-CC2D-4DE3-B9C6-6AA71FF2B93C}.Debug|Any CPU.ActiveCfg = Debug|Any CPU
		{2EBB1D52-CC2D-4DE3-B9C6-6AA71FF2B93C}.Debug|Any CPU.Build.0 = Debug|Any CPU
		{2EBB1D52-CC2D-4DE3-B9C6-6AA71FF2B93C}.Release|Any CPU.ActiveCfg = Release|Any CPU
		{2EBB1D52-CC2D-4DE3-B9C6-6AA71FF2B93C}.Release|Any CPU.Build.0 = Release|Any CPU
		{1F876AD8-A6A0-4802-962A-7D0153231872}.Debug|Any CPU.ActiveCfg = Debug|Any CPU
		{1F876AD8-A6A0-4802-962A-7D0153231872}.Debug|Any CPU.Build.0 = Debug|Any CPU
		{1F876AD8-A6A0-4802-962A-7D0153231872}.Release|Any CPU.ActiveCfg = Release|Any CPU
		{1F876AD8-A6A0-4802-962A-7D0153231872}.Release|Any CPU.Build.0 = Release|Any CPU
		{1E308516-CD0C-478D-B964-BFE11EFFADF3}.Debug|Any CPU.ActiveCfg = Debug|Any CPU
		{1E308516-CD0C-478D-B964-BFE11EFFADF3}.Debug|Any CPU.Build.0 = Debug|Any CPU
		{1E308516-CD0C-478D-B964-BFE11EFFADF3}.Release|Any CPU.ActiveCfg = Release|Any CPU
		{1E308516-CD0C-478D-B964-BFE11EFFADF3}.Release|Any CPU.Build.0 = Release|Any CPU
		{4D9DF658-791D-4DB8-AA66-16D3018E2C08}.Debug|Any CPU.ActiveCfg = Debug|Any CPU
		{4D9DF658-791D-4DB8-AA66-16D3018E2C08}.Debug|Any CPU.Build.0 = Debug|Any CPU
		{4D9DF658-791D-4DB8-AA66-16D3018E2C08}.Release|Any CPU.ActiveCfg = Release|Any CPU
		{4D9DF658-791D-4DB8-AA66-16D3018E2C08}.Release|Any CPU.Build.0 = Release|Any CPU
		{D1D08A7C-5D0F-4F26-837D-DE78AD5333CA}.Debug|Any CPU.ActiveCfg = Debug|Any CPU
		{D1D08A7C-5D0F-4F26-837D-DE78AD5333CA}.Debug|Any CPU.Build.0 = Debug|Any CPU
		{D1D08A7C-5D0F-4F26-837D-DE78AD5333CA}.Release|Any CPU.ActiveCfg = Release|Any CPU
		{D1D08A7C-5D0F-4F26-837D-DE78AD5333CA}.Release|Any CPU.Build.0 = Release|Any CPU
	EndGlobalSection
	GlobalSection(SolutionProperties) = preSolution
		HideSolutionNode = FALSE
	EndGlobalSection
	GlobalSection(NestedProjects) = preSolution
		{FBCEBF87-F083-442E-B60E-2B7FFBECF54B} = {F865B8FC-9BE7-4251-B8D7-519F85EF20B2}
		{5BD35C5F-F6C4-4AB7-AF24-893821832A06} = {F865B8FC-9BE7-4251-B8D7-519F85EF20B2}
		{7D189F02-6CF1-4E44-975A-11E882669C13} = {F865B8FC-9BE7-4251-B8D7-519F85EF20B2}
		{AFA9CF2F-B53E-47B6-B4A5-92B05CC16013} = {32FA45AB-A310-483C-8D23-9E2D1CE9F218}
		{62791559-5D8D-4EE2-8AFE-10F32263A700} = {F865B8FC-9BE7-4251-B8D7-519F85EF20B2}
		{11C2071F-B6FD-4E7C-8CCD-5D5A2F56399D} = {F865B8FC-9BE7-4251-B8D7-519F85EF20B2}
		{F2FAB962-5339-450E-8070-868FB5F7B5E7} = {034A5C05-CB06-41AC-AE54-EE94F66019FC}
		{2325B157-CC0D-4B04-BD5A-5E995B4D380A} = {034A5C05-CB06-41AC-AE54-EE94F66019FC}
		{9361F796-6B25-4DB4-98CF-C536716BA27B} = {034A5C05-CB06-41AC-AE54-EE94F66019FC}
		{6780A88C-D61F-4C20-8899-C294298196E6} = {F865B8FC-9BE7-4251-B8D7-519F85EF20B2}
		{22DAE8E6-9934-4E49-A83B-98E51CC8F46F} = {F865B8FC-9BE7-4251-B8D7-519F85EF20B2}
		{BB354D15-2597-4965-B28A-BAA028C39828} = {F865B8FC-9BE7-4251-B8D7-519F85EF20B2}
		{AA396903-B749-4397-AABA-888A2C28D0C0} = {F865B8FC-9BE7-4251-B8D7-519F85EF20B2}
		{6ACF6C01-013E-4D23-B6C8-98A9F88BEF69} = {F865B8FC-9BE7-4251-B8D7-519F85EF20B2}
		{ACDB5A75-5DFD-420E-B5DC-65727D0250C7} = {F865B8FC-9BE7-4251-B8D7-519F85EF20B2}
		{861A72CB-FA97-46DC-BCA7-2F78B7E1B013} = {F865B8FC-9BE7-4251-B8D7-519F85EF20B2}
		{73E98A46-A1E6-49D9-B432-F9121B8365D3} = {CAC9F2FC-7BFD-457E-B17C-E9A90BD941EF}
		{CFBEC796-6C68-4CC3-BBBC-8279FF43F73B} = {73E98A46-A1E6-49D9-B432-F9121B8365D3}
		{593EDDD0-08C2-454C-88D5-A734EFA46B46} = {73E98A46-A1E6-49D9-B432-F9121B8365D3}
		{4D86AACB-E786-4A64-8BC8-E199DEC3B5C5} = {73E98A46-A1E6-49D9-B432-F9121B8365D3}
		{BB80CF95-26CA-4F2C-9C16-CE4E799A32F6} = {F865B8FC-9BE7-4251-B8D7-519F85EF20B2}
		{E71B11EA-8D38-40BB-A44C-E2CEA795B7E8} = {F865B8FC-9BE7-4251-B8D7-519F85EF20B2}
		{CAFB8C25-1062-4A94-B7B4-70B23557A3FB} = {73E98A46-A1E6-49D9-B432-F9121B8365D3}
		{CF8ED4A9-3DE4-498C-9EB7-ECEB4B43B302} = {CAC9F2FC-7BFD-457E-B17C-E9A90BD941EF}
		{74D1C677-54C6-41BB-B326-3F6CD3B36203} = {CF8ED4A9-3DE4-498C-9EB7-ECEB4B43B302}
		{EE61B956-5D3C-4258-8145-4BAF245F5919} = {CF8ED4A9-3DE4-498C-9EB7-ECEB4B43B302}
		{ABF4BDC7-CAE8-41A4-810A-318DA5ACF44D} = {CF8ED4A9-3DE4-498C-9EB7-ECEB4B43B302}
		{A9281BB4-C60D-4683-8854-249DA1177370} = {CF8ED4A9-3DE4-498C-9EB7-ECEB4B43B302}
		{BAF6671B-549F-4BE2-B269-0D5A852A48C0} = {CAC9F2FC-7BFD-457E-B17C-E9A90BD941EF}
		{131C70ED-D809-4FB1-8844-DEBD3DD57236} = {BAF6671B-549F-4BE2-B269-0D5A852A48C0}
		{8FE0B354-1D49-4BAB-AC34-3229306B6E53} = {BAF6671B-549F-4BE2-B269-0D5A852A48C0}
		{B05D2CED-66E9-40ED-BFA8-CD9BDC0DB0E7} = {BAF6671B-549F-4BE2-B269-0D5A852A48C0}
		{4A61C75C-5BA3-42B5-BEF1-2CBEE47A10C2} = {F865B8FC-9BE7-4251-B8D7-519F85EF20B2}
		{E0120510-A264-442D-BCF4-9F3B370B422C} = {034A5C05-CB06-41AC-AE54-EE94F66019FC}
		{0D30A713-DA10-46CE-B46E-1F5305311D83} = {BAF6671B-549F-4BE2-B269-0D5A852A48C0}
		{3064E5F8-CE48-49CD-AB77-89C75DAECA4F} = {CAC9F2FC-7BFD-457E-B17C-E9A90BD941EF}
		{D6CE636F-07BB-48A3-9D72-3FEF35F4FD99} = {3064E5F8-CE48-49CD-AB77-89C75DAECA4F}
		{052C1A01-A373-4698-86B2-73BF582E607F} = {3064E5F8-CE48-49CD-AB77-89C75DAECA4F}
		{9C0D3C70-6F9E-4A8C-9A63-DC522502EECF} = {CAC9F2FC-7BFD-457E-B17C-E9A90BD941EF}
		{B837B8B7-46D7-4432-B9AE-2D4BA0050A5F} = {9C0D3C70-6F9E-4A8C-9A63-DC522502EECF}
		{B99B749A-53D0-4D38-916F-D70295BDB556} = {F865B8FC-9BE7-4251-B8D7-519F85EF20B2}
		{32A88CA9-0C39-4986-AC22-E3B569317A30} = {B99B749A-53D0-4D38-916F-D70295BDB556}
		{2EBB1D52-CC2D-4DE3-B9C6-6AA71FF2B93C} = {B99B749A-53D0-4D38-916F-D70295BDB556}
		{1F876AD8-A6A0-4802-962A-7D0153231872} = {F865B8FC-9BE7-4251-B8D7-519F85EF20B2}
		{1E308516-CD0C-478D-B964-BFE11EFFADF3} = {B99B749A-53D0-4D38-916F-D70295BDB556}
		{4D9DF658-791D-4DB8-AA66-16D3018E2C08} = {F865B8FC-9BE7-4251-B8D7-519F85EF20B2}
		{97A2F0B3-7918-4D01-8EE9-AD35E7DDD456} = {B99B749A-53D0-4D38-916F-D70295BDB556}
		{D1D08A7C-5D0F-4F26-837D-DE78AD5333CA} = {F865B8FC-9BE7-4251-B8D7-519F85EF20B2}
	EndGlobalSection
	GlobalSection(ExtensibilityGlobals) = postSolution
		SolutionGuid = {CACE9943-7714-471F-BCCD-CC6CA1DA43C5}
	EndGlobalSection
EndGlobal
