
Microsoft Visual Studio Solution File, Format Version 12.00
Project("{2150E333-8FDC-42A3-9474-1A3956D46DE8}") = "Src", "Src", "{DA789203-4F27-42CC-9842-54FC0DFF2811}"
EndProject
Project("{2150E333-8FDC-42A3-9474-1A3956D46DE8}") = "Tests", "Tests", "{A12F5F61-0537-4E1D-A35C-049FC3E03078}"
EndProject
Project("{FAE04EC0-301F-11D3-BF4B-00C04F79EFBC}") = "Bonyan.UserManagement.Application", "Src\Bonyan.UserManagement.Application\Bonyan.UserManagement.Application.csproj", "{0C0ED800-2B76-45F4-9722-1A931058BE4F}"
EndProject
Project("{FAE04EC0-301F-11D3-BF4B-00C04F79EFBC}") = "Bonyan.UserManagement.Domain", "Src\Bonyan.UserManagement.Domain\Bonyan.UserManagement.Domain.csproj", "{8BCC3136-614F-417D-A698-5938E6DA78CF}"
EndProject
Project("{FAE04EC0-301F-11D3-BF4B-00C04F79EFBC}") = "Bonyan.UserManagement.EntityFrameworkCore", "Src\Bonyan.UserManagement.EntityFrameworkCore\Bonyan.UserManagement.EntityFrameworkCore.csproj", "{D71B673A-DA84-4065-84E1-A5AE535F9D57}"
EndProject
Project("{FAE04EC0-301F-11D3-BF4B-00C04F79EFBC}") = "Bonyan.UserManagement.Web", "Src\Bonyan.UserManagement.Web\Bonyan.UserManagement.Web.csproj", "{B5883AE4-E3DD-4373-8183-7A32583BE588}"
EndProject
Global
	GlobalSection(SolutionConfigurationPlatforms) = preSolution
		Debug|Any CPU = Debug|Any CPU
		Release|Any CPU = Release|Any CPU
	EndGlobalSection
	GlobalSection(ProjectConfigurationPlatforms) = postSolution
		{0C0ED800-2B76-45F4-9722-1A931058BE4F}.Debug|Any CPU.ActiveCfg = Debug|Any CPU
		{0C0ED800-2B76-45F4-9722-1A931058BE4F}.Debug|Any CPU.Build.0 = Debug|Any CPU
		{0C0ED800-2B76-45F4-9722-1A931058BE4F}.Release|Any CPU.ActiveCfg = Release|Any CPU
		{0C0ED800-2B76-45F4-9722-1A931058BE4F}.Release|Any CPU.Build.0 = Release|Any CPU
		{8BCC3136-614F-417D-A698-5938E6DA78CF}.Debug|Any CPU.ActiveCfg = Debug|Any CPU
		{8BCC3136-614F-417D-A698-5938E6DA78CF}.Debug|Any CPU.Build.0 = Debug|Any CPU
		{8BCC3136-614F-417D-A698-5938E6DA78CF}.Release|Any CPU.ActiveCfg = Release|Any CPU
		{8BCC3136-614F-417D-A698-5938E6DA78CF}.Release|Any CPU.Build.0 = Release|Any CPU
		{D71B673A-DA84-4065-84E1-A5AE535F9D57}.Debug|Any CPU.ActiveCfg = Debug|Any CPU
		{D71B673A-DA84-4065-84E1-A5AE535F9D57}.Debug|Any CPU.Build.0 = Debug|Any CPU
		{D71B673A-DA84-4065-84E1-A5AE535F9D57}.Release|Any CPU.ActiveCfg = Release|Any CPU
		{D71B673A-DA84-4065-84E1-A5AE535F9D57}.Release|Any CPU.Build.0 = Release|Any CPU
		{B5883AE4-E3DD-4373-8183-7A32583BE588}.Debug|Any CPU.ActiveCfg = Debug|Any CPU
		{B5883AE4-E3DD-4373-8183-7A32583BE588}.Debug|Any CPU.Build.0 = Debug|Any CPU
		{B5883AE4-E3DD-4373-8183-7A32583BE588}.Release|Any CPU.ActiveCfg = Release|Any CPU
		{B5883AE4-E3DD-4373-8183-7A32583BE588}.Release|Any CPU.Build.0 = Release|Any CPU
	EndGlobalSection
	GlobalSection(NestedProjects) = preSolution
		{0C0ED800-2B76-45F4-9722-1A931058BE4F} = {DA789203-4F27-42CC-9842-54FC0DFF2811}
		{8BCC3136-614F-417D-A698-5938E6DA78CF} = {DA789203-4F27-42CC-9842-54FC0DFF2811}
		{D71B673A-DA84-4065-84E1-A5AE535F9D57} = {DA789203-4F27-42CC-9842-54FC0DFF2811}
		{B5883AE4-E3DD-4373-8183-7A32583BE588} = {DA789203-4F27-42CC-9842-54FC0DFF2811}
	EndGlobalSection
EndGlobal
